// !$*UTF8*$!
{
	archiveVersion = 1;
	classes = {
	};
	objectVersion = 45;
	objects = {

/* Begin PBXBuildFile section */
		5027349078D70A0E4B5B6AAA /* btDefaultSoftBodySolver.cpp in Sources */ = {isa = PBXBuildFile; fileRef = 65675CBC62805215154A4ED4 /* btDefaultSoftBodySolver.cpp */; };
		10FE4B94784C54D51F8F71D7 /* btSoftBody.cpp in Sources */ = {isa = PBXBuildFile; fileRef = 1D920BFF44055ADD21F57C1A /* btSoftBody.cpp */; };
		57BE031D682303FA255A6298 /* btSoftBodyConcaveCollisionAlgorithm.cpp in Sources */ = {isa = PBXBuildFile; fileRef = 076068751849683E7B1528FA /* btSoftBodyConcaveCollisionAlgorithm.cpp */; };
		1EFD75C9618257924B9265B6 /* btSoftBodyHelpers.cpp in Sources */ = {isa = PBXBuildFile; fileRef = 73FF72E479B246321AE36AAD /* btSoftBodyHelpers.cpp */; };
		1A7E692B30966A3E39E2546D /* btSoftBodyRigidBodyCollisionConfiguration.cpp in Sources */ = {isa = PBXBuildFile; fileRef = 7D980A5B70A2346C49316036 /* btSoftBodyRigidBodyCollisionConfiguration.cpp */; };
		676D2968176E5F2036D04591 /* btSoftMultiBodyDynamicsWorld.cpp in Sources */ = {isa = PBXBuildFile; fileRef = 31446A7B719775B01F8F1482 /* btSoftMultiBodyDynamicsWorld.cpp */; };
		143079F616DE4B474C6F1CDF /* btSoftRigidCollisionAlgorithm.cpp in Sources */ = {isa = PBXBuildFile; fileRef = 0B410F0F4F2A69D058FE204A /* btSoftRigidCollisionAlgorithm.cpp */; };
		4AAB614655FF5B1D5CE01718 /* btSoftRigidDynamicsWorld.cpp in Sources */ = {isa = PBXBuildFile; fileRef = 440A2C4640FD32F50AB7763B /* btSoftRigidDynamicsWorld.cpp */; };
		108F403016323B893B00169A /* btSoftSoftCollisionAlgorithm.cpp in Sources */ = {isa = PBXBuildFile; fileRef = 020605160C3C62B64D261FAA /* btSoftSoftCollisionAlgorithm.cpp */; };
/* End PBXBuildFile section */

/* Begin PBXFileReference section */
		65675CBC62805215154A4ED4 /* btDefaultSoftBodySolver.cpp */ = {isa = PBXFileReference; lastKnownFileType = sourcecode.cpp.cpp; name = "btDefaultSoftBodySolver.cpp"; path = "../../src/BulletSoftBody/btDefaultSoftBodySolver.cpp"; sourceTree = "<group>"; };
		683312045FBB00A824176C1B /* btDefaultSoftBodySolver.h */ = {isa = PBXFileReference; lastKnownFileType = sourcecode.c.h; name = "btDefaultSoftBodySolver.h"; path = "../../src/BulletSoftBody/btDefaultSoftBodySolver.h"; sourceTree = "<group>"; };
		1D920BFF44055ADD21F57C1A /* btSoftBody.cpp */ = {isa = PBXFileReference; lastKnownFileType = sourcecode.cpp.cpp; name = "btSoftBody.cpp"; path = "../../src/BulletSoftBody/btSoftBody.cpp"; sourceTree = "<group>"; };
		67D96C40117C666B1035423E /* btSoftBody.h */ = {isa = PBXFileReference; lastKnownFileType = sourcecode.c.h; name = "btSoftBody.h"; path = "../../src/BulletSoftBody/btSoftBody.h"; sourceTree = "<group>"; };
		076068751849683E7B1528FA /* btSoftBodyConcaveCollisionAlgorithm.cpp */ = {isa = PBXFileReference; lastKnownFileType = sourcecode.cpp.cpp; name = "btSoftBodyConcaveCollisionAlgorithm.cpp"; path = "../../src/BulletSoftBody/btSoftBodyConcaveCollisionAlgorithm.cpp"; sourceTree = "<group>"; };
		01F337725C6F3B3074B66318 /* btSoftBodyConcaveCollisionAlgorithm.h */ = {isa = PBXFileReference; lastKnownFileType = sourcecode.c.h; name = "btSoftBodyConcaveCollisionAlgorithm.h"; path = "../../src/BulletSoftBody/btSoftBodyConcaveCollisionAlgorithm.h"; sourceTree = "<group>"; };
		3E460EF471AB263F28D15BB7 /* btSoftBodyData.h */ = {isa = PBXFileReference; lastKnownFileType = sourcecode.c.h; name = "btSoftBodyData.h"; path = "../../src/BulletSoftBody/btSoftBodyData.h"; sourceTree = "<group>"; };
		73FF72E479B246321AE36AAD /* btSoftBodyHelpers.cpp */ = {isa = PBXFileReference; lastKnownFileType = sourcecode.cpp.cpp; name = "btSoftBodyHelpers.cpp"; path = "../../src/BulletSoftBody/btSoftBodyHelpers.cpp"; sourceTree = "<group>"; };
		110164AE7EEA4A351A391E98 /* btSoftBodyHelpers.h */ = {isa = PBXFileReference; lastKnownFileType = sourcecode.c.h; name = "btSoftBodyHelpers.h"; path = "../../src/BulletSoftBody/btSoftBodyHelpers.h"; sourceTree = "<group>"; };
		48075C595AE52CB0169B4303 /* btSoftBodyInternals.h */ = {isa = PBXFileReference; lastKnownFileType = sourcecode.c.h; name = "btSoftBodyInternals.h"; path = "../../src/BulletSoftBody/btSoftBodyInternals.h"; sourceTree = "<group>"; };
		7D980A5B70A2346C49316036 /* btSoftBodyRigidBodyCollisionConfiguration.cpp */ = {isa = PBXFileReference; lastKnownFileType = sourcecode.cpp.cpp; name = "btSoftBodyRigidBodyCollisionConfiguration.cpp"; path = "../../src/BulletSoftBody/btSoftBodyRigidBodyCollisionConfiguration.cpp"; sourceTree = "<group>"; };
		47107B8C6318463900182F99 /* btSoftBodyRigidBodyCollisionConfiguration.h */ = {isa = PBXFileReference; lastKnownFileType = sourcecode.c.h; name = "btSoftBodyRigidBodyCollisionConfiguration.h"; path = "../../src/BulletSoftBody/btSoftBodyRigidBodyCollisionConfiguration.h"; sourceTree = "<group>"; };
		12B82E0A3035204B2F1A6C6B /* btSoftBodySolverVertexBuffer.h */ = {isa = PBXFileReference; lastKnownFileType = sourcecode.c.h; name = "btSoftBodySolverVertexBuffer.h"; path = "../../src/BulletSoftBody/btSoftBodySolverVertexBuffer.h"; sourceTree = "<group>"; };
		22B7575E75FB643C24690444 /* btSoftBodySolvers.h */ = {isa = PBXFileReference; lastKnownFileType = sourcecode.c.h; name = "btSoftBodySolvers.h"; path = "../../src/BulletSoftBody/btSoftBodySolvers.h"; sourceTree = "<group>"; };
		31446A7B719775B01F8F1482 /* btSoftMultiBodyDynamicsWorld.cpp */ = {isa = PBXFileReference; lastKnownFileType = sourcecode.cpp.cpp; name = "btSoftMultiBodyDynamicsWorld.cpp"; path = "../../src/BulletSoftBody/btSoftMultiBodyDynamicsWorld.cpp"; sourceTree = "<group>"; };
		6CCD4615160624C671395A7C /* btSoftMultiBodyDynamicsWorld.h */ = {isa = PBXFileReference; lastKnownFileType = sourcecode.c.h; name = "btSoftMultiBodyDynamicsWorld.h"; path = "../../src/BulletSoftBody/btSoftMultiBodyDynamicsWorld.h"; sourceTree = "<group>"; };
		0B410F0F4F2A69D058FE204A /* btSoftRigidCollisionAlgorithm.cpp */ = {isa = PBXFileReference; lastKnownFileType = sourcecode.cpp.cpp; name = "btSoftRigidCollisionAlgorithm.cpp"; path = "../../src/BulletSoftBody/btSoftRigidCollisionAlgorithm.cpp"; sourceTree = "<group>"; };
		312053B1342D2FB05C3C23BC /* btSoftRigidCollisionAlgorithm.h */ = {isa = PBXFileReference; lastKnownFileType = sourcecode.c.h; name = "btSoftRigidCollisionAlgorithm.h"; path = "../../src/BulletSoftBody/btSoftRigidCollisionAlgorithm.h"; sourceTree = "<group>"; };
		440A2C4640FD32F50AB7763B /* btSoftRigidDynamicsWorld.cpp */ = {isa = PBXFileReference; lastKnownFileType = sourcecode.cpp.cpp; name = "btSoftRigidDynamicsWorld.cpp"; path = "../../src/BulletSoftBody/btSoftRigidDynamicsWorld.cpp"; sourceTree = "<group>"; };
		61E71E832DF97725309C51F0 /* btSoftRigidDynamicsWorld.h */ = {isa = PBXFileReference; lastKnownFileType = sourcecode.c.h; name = "btSoftRigidDynamicsWorld.h"; path = "../../src/BulletSoftBody/btSoftRigidDynamicsWorld.h"; sourceTree = "<group>"; };
		020605160C3C62B64D261FAA /* btSoftSoftCollisionAlgorithm.cpp */ = {isa = PBXFileReference; lastKnownFileType = sourcecode.cpp.cpp; name = "btSoftSoftCollisionAlgorithm.cpp"; path = "../../src/BulletSoftBody/btSoftSoftCollisionAlgorithm.cpp"; sourceTree = "<group>"; };
		5CF64F886AB1489201336D9E /* btSoftSoftCollisionAlgorithm.h */ = {isa = PBXFileReference; lastKnownFileType = sourcecode.c.h; name = "btSoftSoftCollisionAlgorithm.h"; path = "../../src/BulletSoftBody/btSoftSoftCollisionAlgorithm.h"; sourceTree = "<group>"; };
		3A9725BE77A302594FDC0846 /* btSparseSDF.h */ = {isa = PBXFileReference; lastKnownFileType = sourcecode.c.h; name = "btSparseSDF.h"; path = "../../src/BulletSoftBody/btSparseSDF.h"; sourceTree = "<group>"; };
		22FE04AA53FB053044EA02D9 /* libBulletSoftBody_xcode4_x64_release.a */ = {isa = PBXFileReference; explicitFileType = archive.ar; includeInIndex = 0; name = "libBulletSoftBody_xcode4_x64_release.a"; path = "libBulletSoftBody_xcode4_x64_release.a"; sourceTree = BUILT_PRODUCTS_DIR; };
/* End PBXFileReference section */

/* Begin PBXFrameworksBuildPhase section */
		1567454028B91D4551067D37 /* Frameworks */ = {
			isa = PBXFrameworksBuildPhase;
			buildActionMask = 2147483647;
			files = (
			);
			runOnlyForDeploymentPostprocessing = 0;
		};
/* End PBXFrameworksBuildPhase section */

/* Begin PBXGroup section */
		70165F0079466FF372A75CA4 /* BulletSoftBody */ = {
			isa = PBXGroup;
			children = (
				29A1301C18652CBD56DD01B4 /* src */,
				5B3866247E9366FC498367A1 /* Products */,
			);
			name = "BulletSoftBody";
			sourceTree = "<group>";
		};
		29A1301C18652CBD56DD01B4 /* src */ = {
			isa = PBXGroup;
			children = (
				658722D43031195F3E3E592A /* BulletSoftBody */,
			);
			name = "src";
			sourceTree = "<group>";
		};
		658722D43031195F3E3E592A /* BulletSoftBody */ = {
			isa = PBXGroup;
			children = (
				65675CBC62805215154A4ED4 /* btDefaultSoftBodySolver.cpp */,
				683312045FBB00A824176C1B /* btDefaultSoftBodySolver.h */,
				1D920BFF44055ADD21F57C1A /* btSoftBody.cpp */,
				67D96C40117C666B1035423E /* btSoftBody.h */,
				076068751849683E7B1528FA /* btSoftBodyConcaveCollisionAlgorithm.cpp */,
				01F337725C6F3B3074B66318 /* btSoftBodyConcaveCollisionAlgorithm.h */,
				3E460EF471AB263F28D15BB7 /* btSoftBodyData.h */,
				73FF72E479B246321AE36AAD /* btSoftBodyHelpers.cpp */,
				110164AE7EEA4A351A391E98 /* btSoftBodyHelpers.h */,
				48075C595AE52CB0169B4303 /* btSoftBodyInternals.h */,
				7D980A5B70A2346C49316036 /* btSoftBodyRigidBodyCollisionConfiguration.cpp */,
				47107B8C6318463900182F99 /* btSoftBodyRigidBodyCollisionConfiguration.h */,
				12B82E0A3035204B2F1A6C6B /* btSoftBodySolverVertexBuffer.h */,
				22B7575E75FB643C24690444 /* btSoftBodySolvers.h */,
				31446A7B719775B01F8F1482 /* btSoftMultiBodyDynamicsWorld.cpp */,
				6CCD4615160624C671395A7C /* btSoftMultiBodyDynamicsWorld.h */,
				0B410F0F4F2A69D058FE204A /* btSoftRigidCollisionAlgorithm.cpp */,
				312053B1342D2FB05C3C23BC /* btSoftRigidCollisionAlgorithm.h */,
				440A2C4640FD32F50AB7763B /* btSoftRigidDynamicsWorld.cpp */,
				61E71E832DF97725309C51F0 /* btSoftRigidDynamicsWorld.h */,
				020605160C3C62B64D261FAA /* btSoftSoftCollisionAlgorithm.cpp */,
				5CF64F886AB1489201336D9E /* btSoftSoftCollisionAlgorithm.h */,
				3A9725BE77A302594FDC0846 /* btSparseSDF.h */,
			);
			name = "BulletSoftBody";
			sourceTree = "<group>";
		};
		5B3866247E9366FC498367A1 /* Products */ = {
			isa = PBXGroup;
			children = (
				22FE04AA53FB053044EA02D9 /* libBulletSoftBody_xcode4_x64_release.a */,
			);
			name = "Products";
			sourceTree = "<group>";
		};
/* End PBXGroup section */

/* Begin PBXNativeTarget section */
		7C743C9B0F472F3035726F33 /* BulletSoftBody */ = {
			isa = PBXNativeTarget;
			buildConfigurationList = 7C2110642870734B7BFB4BFA /* Build configuration list for PBXNativeTarget "BulletSoftBody" */;
			buildPhases = (
				2EA44F083F5D1453169A0D14 /* Resources */,
				30CE4751443268EF3BA9015D /* Sources */,
				1567454028B91D4551067D37 /* Frameworks */,
			);
			buildRules = (
			);
			dependencies = (
			);
			name = "BulletSoftBody";
			productName = "BulletSoftBody";
			productReference = 22FE04AA53FB053044EA02D9 /* libBulletSoftBody_xcode4_x64_release.a */;
			productType = "com.apple.product-type.library.static";
		};
/* End PBXNativeTarget section */

/* Begin PBXProject section */
		08FB7793FE84155DC02AAC07 /* Project object */ = {
			isa = PBXProject;
			buildConfigurationList = 1DEB928908733DD80010E9CD /* Build configuration list for PBXProject "BulletSoftBody" */;
			compatibilityVersion = "Xcode 3.2";
			hasScannedForEncodings = 1;
			mainGroup = 70165F0079466FF372A75CA4 /* BulletSoftBody */;
			projectDirPath = "";
			projectRoot = "";
			targets = (
				7C743C9B0F472F3035726F33 /* libBulletSoftBody_xcode4_x64_release.a */,
			);
		};
/* End PBXProject section */

/* Begin PBXResourcesBuildPhase section */
		2EA44F083F5D1453169A0D14 /* Resources */ = {
			isa = PBXResourcesBuildPhase;
			buildActionMask = 2147483647;
			files = (
			);
			runOnlyForDeploymentPostprocessing = 0;
		};
/* End PBXResourcesBuildPhase section */

/* Begin PBXSourcesBuildPhase section */
		30CE4751443268EF3BA9015D /* Sources */ = {
			isa = PBXSourcesBuildPhase;
			buildActionMask = 2147483647;
			files = (
				5027349078D70A0E4B5B6AAA /* btDefaultSoftBodySolver.cpp in Sources */,
				10FE4B94784C54D51F8F71D7 /* btSoftBody.cpp in Sources */,
				57BE031D682303FA255A6298 /* btSoftBodyConcaveCollisionAlgorithm.cpp in Sources */,
				1EFD75C9618257924B9265B6 /* btSoftBodyHelpers.cpp in Sources */,
				1A7E692B30966A3E39E2546D /* btSoftBodyRigidBodyCollisionConfiguration.cpp in Sources */,
				676D2968176E5F2036D04591 /* btSoftMultiBodyDynamicsWorld.cpp in Sources */,
				143079F616DE4B474C6F1CDF /* btSoftRigidCollisionAlgorithm.cpp in Sources */,
				4AAB614655FF5B1D5CE01718 /* btSoftRigidDynamicsWorld.cpp in Sources */,
				108F403016323B893B00169A /* btSoftSoftCollisionAlgorithm.cpp in Sources */,
			);
			runOnlyForDeploymentPostprocessing = 0;
		};
/* End PBXSourcesBuildPhase section */

/* Begin PBXVariantGroup section */
/* End PBXVariantGroup section */

/* Begin XCBuildConfiguration section */
		1EFB05591C9C06E94EF6085F /* Release */ = {
			isa = XCBuildConfiguration;
			buildSettings = {
				ARCHS = "$(ARCHS_STANDARD_64_BIT)";
				VALID_ARCHS = "x86_64";
				ALWAYS_SEARCH_USER_PATHS = NO;
				DEBUG_INFORMATION_FORMAT = "dwarf-with-dsym";
				CONFIGURATION_BUILD_DIR = "../../bin";
				GCC_DYNAMIC_NO_PIC = NO;
				GCC_MODEL_TUNING = G5;
				INSTALL_PATH = /usr/local/lib;
				PRODUCT_NAME = "BulletSoftBody_xcode4_x64_release";
			};
			name = "Release";
		};
		276B6A9E33EA760957D9078C /* Debug */ = {
			isa = XCBuildConfiguration;
			buildSettings = {
				ARCHS = "$(ARCHS_STANDARD_64_BIT)";
				VALID_ARCHS = "x86_64";
				ALWAYS_SEARCH_USER_PATHS = NO;
				CONFIGURATION_BUILD_DIR = "../../bin";
				GCC_DYNAMIC_NO_PIC = NO;
				GCC_MODEL_TUNING = G5;
				INSTALL_PATH = /usr/local/lib;
				PRODUCT_NAME = "BulletSoftBody_xcode4_x64_debug";
			};
			name = "Debug";
		};
		4BBC4BE549665AD912615DCE /* Release */ = {
			isa = XCBuildConfiguration;
			buildSettings = {
				ARCHS = "$(ARCHS_STANDARD_64_BIT)";
				VALID_ARCHS = "x86_64";
				SDKROOT = macosx;
				ARCHS = "x86_64";
				CONFIGURATION_BUILD_DIR = "$(SYMROOT)";
				CONFIGURATION_TEMP_DIR = "$(OBJROOT)";
				GCC_C_LANGUAGE_STANDARD = gnu99;
				GCC_OPTIMIZATION_LEVEL = s;
				GCC_SYMBOLS_PRIVATE_EXTERN = NO;
				GCC_WARN_ABOUT_RETURN_TYPE = YES;
				GCC_WARN_UNUSED_VARIABLE = YES;
				HEADER_SEARCH_PATHS = (
					"../../src",
				);
				OBJROOT = "obj/x64/Release/BulletSoftBody";
				ONLY_ACTIVE_ARCH = NO;
				OTHER_CFLAGS = (
					"-ffast-math",
				);
				STANDARD_C_PLUS_PLUS_LIBRARY_TYPE = static;
				SYMROOT = "../../bin";
			};
			name = "Release";
		};
		79E1233652094F3349BE1879 /* Debug */ = {
			isa = XCBuildConfiguration;
			buildSettings = {
				ARCHS = "$(ARCHS_STANDARD_64_BIT)";
				VALID_ARCHS = "x86_64";
				SDKROOT = macosx;
				ARCHS = "x86_64";
				CONFIGURATION_BUILD_DIR = "$(SYMROOT)";
				CONFIGURATION_TEMP_DIR = "$(OBJROOT)";
				COPY_PHASE_STRIP = NO;
				GCC_C_LANGUAGE_STANDARD = gnu99;
				GCC_OPTIMIZATION_LEVEL = 0;
				GCC_PREPROCESSOR_DEFINITIONS = (
					"_DEBUG=1",
				);
				GCC_SYMBOLS_PRIVATE_EXTERN = NO;
				GCC_WARN_ABOUT_RETURN_TYPE = YES;
				GCC_WARN_UNUSED_VARIABLE = YES;
				HEADER_SEARCH_PATHS = (
					"../../src",
				);
				OBJROOT = "obj/x64/Debug/BulletSoftBody";
				ONLY_ACTIVE_ARCH = YES;
				OTHER_CFLAGS = (
					"-ffast-math",
				);
				STANDARD_C_PLUS_PLUS_LIBRARY_TYPE = static;
				SYMROOT = "../../bin";
			};
			name = "Debug";
		};
/* End XCBuildConfiguration section */

/* Begin XCConfigurationList section */
		7C2110642870734B7BFB4BFA /* Build configuration list for PBXNativeTarget "libBulletSoftBody_xcode4_x64_release.a" */ = {
			isa = XCConfigurationList;
			buildConfigurations = (
				1EFB05591C9C06E94EF6085F /* Release */,
				276B6A9E33EA760957D9078C /* Debug */,
			);
			defaultConfigurationIsVisible = 0;
			defaultConfigurationName = "Release";
		};
		1DEB928908733DD80010E9CD /* Build configuration list for PBXProject "BulletSoftBody" */ = {
			isa = XCConfigurationList;
			buildConfigurations = (
				4BBC4BE549665AD912615DCE /* Release */,
				79E1233652094F3349BE1879 /* Debug */,
			);
			defaultConfigurationIsVisible = 0;
			defaultConfigurationName = "Release";
		};
/* End XCConfigurationList section */

	};
	rootObject = 08FB7793FE84155DC02AAC07 /* Project object */;
}
