// !$*UTF8*$!
{
	archiveVersion = 1;
	classes = {
	};
	objectVersion = 45;
	objects = {

/* Begin PBXBuildFile section */
		5D5E66623D9306EE2B6D2D3F /* b3GpuGridBroadphase.cpp in Sources */ = {isa = PBXBuildFile; fileRef = 27487BE452F506FA34F555DD /* b3GpuGridBroadphase.cpp */; };
		43A47A942439366A29D5192D /* b3GpuParallelLinearBvh.cpp in Sources */ = {isa = PBXBuildFile; fileRef = 7114693A1C2031A21354776D /* b3GpuParallelLinearBvh.cpp */; };
		66FC60BC5CAB12A116F829F3 /* b3GpuParallelLinearBvhBroadphase.cpp in Sources */ = {isa = PBXBuildFile; fileRef = 1C3A376B134F65F76F426B6B /* b3GpuParallelLinearBvhBroadphase.cpp */; };
		20C654282C66098D1F741A97 /* b3GpuSapBroadphase.cpp in Sources */ = {isa = PBXBuildFile; fileRef = 5AFE0FA9397D48C53D2D0D5C /* b3GpuSapBroadphase.cpp */; };
		357B518636DA5C6833F87027 /* b3OpenCLUtils.cpp in Sources */ = {isa = PBXBuildFile; fileRef = 4A8C3CBC6551332437724D82 /* b3OpenCLUtils.cpp */; };
		6B072EAA209D500108067761 /* b3ContactCache.cpp in Sources */ = {isa = PBXBuildFile; fileRef = 68326B0318A660CE23E4027D /* b3ContactCache.cpp */; };
		4A883B24586D08E37C867C0E /* b3ConvexHullContact.cpp in Sources */ = {isa = PBXBuildFile; fileRef = 09911643489B487A78DF0FBD /* b3ConvexHullContact.cpp */; };
		798854C76B0B27641F7F6C8D /* b3GjkEpa.cpp in Sources */ = {isa = PBXBuildFile; fileRef = 744C4E451CD462C31C55318E /* b3GjkEpa.cpp */; };
		0B130F39779219A357607EFC /* b3OptimizedBvh.cpp in Sources */ = {isa = PBXBuildFile; fileRef = 00061B5C71AD1E312B4C2BBF /* b3OptimizedBvh.cpp */; };
		6E06728C6F92749A2DF93D6D /* b3QuantizedBvh.cpp in Sources */ = {isa = PBXBuildFile; fileRef = 1189404C590177C21CEC6AD9 /* b3QuantizedBvh.cpp */; };
		46F0772B428D56D625BD586D /* b3StridingMeshInterface.cpp in Sources */ = {isa = PBXBuildFile; fileRef = 110D73ED6E8652A83D67486A /* b3StridingMeshInterface.cpp */; };
		4F9F7DE5017A1CCD705A2DB7 /* b3TriangleCallback.cpp in Sources */ = {isa = PBXBuildFile; fileRef = 62D328B1208E046062E96604 /* b3TriangleCallback.cpp */; };
		13BB65777747689A6A50317E /* b3TriangleIndexVertexArray.cpp in Sources */ = {isa = PBXBuildFile; fileRef = 17E152E2164076F2248F68A8 /* b3TriangleIndexVertexArray.cpp */; };
		7F682356714E4E1E33C37DF1 /* b3VoronoiSimplexSolver.cpp in Sources */ = {isa = PBXBuildFile; fileRef = 63ED151D358D531473670961 /* b3VoronoiSimplexSolver.cpp */; };
		1EBF0ED950397A8D400B28BE /* b3BoundSearchCL.cpp in Sources */ = {isa = PBXBuildFile; fileRef = 550E24AA3DD43C572AA7502C /* b3BoundSearchCL.cpp */; };
		02FC7BC164B47E7F766640A9 /* b3FillCL.cpp in Sources */ = {isa = PBXBuildFile; fileRef = 57A80A8B455F06C8409E692A /* b3FillCL.cpp */; };
		09887ED03E74620A7EBD403A /* b3LauncherCL.cpp in Sources */ = {isa = PBXBuildFile; fileRef = 16093AF757FE6ADC1ABF1F74 /* b3LauncherCL.cpp */; };
		55FA47FA2223390670E8284F /* b3PrefixScanCL.cpp in Sources */ = {isa = PBXBuildFile; fileRef = 197F7C0D70BA614531203B55 /* b3PrefixScanCL.cpp */; };
		71E040E2387073FC54A07A05 /* b3PrefixScanFloat4CL.cpp in Sources */ = {isa = PBXBuildFile; fileRef = 793F50DE3CF715B947BA2B15 /* b3PrefixScanFloat4CL.cpp */; };
		38BF42895A0F2EB0666251D2 /* b3RadixSort32CL.cpp in Sources */ = {isa = PBXBuildFile; fileRef = 054F110D1C0511935CF90EEE /* b3RadixSort32CL.cpp */; };
		6F9B5FC72EF362F350BC7ED1 /* b3GpuRaycast.cpp in Sources */ = {isa = PBXBuildFile; fileRef = 57A31C5D446351DD0FA134E8 /* b3GpuRaycast.cpp */; };
		566671B0671D4DFF4B865026 /* b3GpuGenericConstraint.cpp in Sources */ = {isa = PBXBuildFile; fileRef = 4BEA74D95C75167041AA0334 /* b3GpuGenericConstraint.cpp */; };
		4BC65A436C4551E714B23E95 /* b3GpuJacobiContactSolver.cpp in Sources */ = {isa = PBXBuildFile; fileRef = 6F2E64BA1C7D7BEF398505CE /* b3GpuJacobiContactSolver.cpp */; };
		304512A859591BE979DE667E /* b3GpuNarrowPhase.cpp in Sources */ = {isa = PBXBuildFile; fileRef = 6BE469982CEB0A2E75D77F76 /* b3GpuNarrowPhase.cpp */; };
		2F29429C3F7075D938C735E3 /* b3GpuPgsConstraintSolver.cpp in Sources */ = {isa = PBXBuildFile; fileRef = 2DD7043551971A9749FE72F6 /* b3GpuPgsConstraintSolver.cpp */; };
		0EB5358A293155E93D2C37E9 /* b3GpuPgsContactSolver.cpp in Sources */ = {isa = PBXBuildFile; fileRef = 03A811200452644C5E6A1411 /* b3GpuPgsContactSolver.cpp */; };
		6C0D5ACF05BA21165A8A52F0 /* b3GpuRigidBodyPipeline.cpp in Sources */ = {isa = PBXBuildFile; fileRef = 01BD27BF1CE57EC7616C0932 /* b3GpuRigidBodyPipeline.cpp */; };
		50A3038A04C53A0B5F0E2E6C /* b3Solver.cpp in Sources */ = {isa = PBXBuildFile; fileRef = 05925093191B7AEC3A235E3C /* b3Solver.cpp */; };
		47433F5316723EB834E67474 /* clew.c in Sources */ = {isa = PBXBuildFile; fileRef = 3D74384951FA32D57CEC0072 /* clew.c */; };
/* End PBXBuildFile section */

/* Begin PBXFileReference section */
		3EFF0E6E69D26475570C027E /* b3GpuBroadphaseInterface.h */ = {isa = PBXFileReference; lastKnownFileType = sourcecode.c.h; name = "b3GpuBroadphaseInterface.h"; path = "../../src/Bullet3OpenCL/BroadphaseCollision/b3GpuBroadphaseInterface.h"; sourceTree = "<group>"; };
		27487BE452F506FA34F555DD /* b3GpuGridBroadphase.cpp */ = {isa = PBXFileReference; lastKnownFileType = sourcecode.cpp.cpp; name = "b3GpuGridBroadphase.cpp"; path = "../../src/Bullet3OpenCL/BroadphaseCollision/b3GpuGridBroadphase.cpp"; sourceTree = "<group>"; };
		12DE4A950FE538CD487D12A8 /* b3GpuGridBroadphase.h */ = {isa = PBXFileReference; lastKnownFileType = sourcecode.c.h; name = "b3GpuGridBroadphase.h"; path = "../../src/Bullet3OpenCL/BroadphaseCollision/b3GpuGridBroadphase.h"; sourceTree = "<group>"; };
		7114693A1C2031A21354776D /* b3GpuParallelLinearBvh.cpp */ = {isa = PBXFileReference; lastKnownFileType = sourcecode.cpp.cpp; name = "b3GpuParallelLinearBvh.cpp"; path = "../../src/Bullet3OpenCL/BroadphaseCollision/b3GpuParallelLinearBvh.cpp"; sourceTree = "<group>"; };
		7A2A78C1711C23B219E92FA1 /* b3GpuParallelLinearBvh.h */ = {isa = PBXFileReference; lastKnownFileType = sourcecode.c.h; name = "b3GpuParallelLinearBvh.h"; path = "../../src/Bullet3OpenCL/BroadphaseCollision/b3GpuParallelLinearBvh.h"; sourceTree = "<group>"; };
		1C3A376B134F65F76F426B6B /* b3GpuParallelLinearBvhBroadphase.cpp */ = {isa = PBXFileReference; lastKnownFileType = sourcecode.cpp.cpp; name = "b3GpuParallelLinearBvhBroadphase.cpp"; path = "../../src/Bullet3OpenCL/BroadphaseCollision/b3GpuParallelLinearBvhBroadphase.cpp"; sourceTree = "<group>"; };
		13EF35387FDA634D6E9A5847 /* b3GpuParallelLinearBvhBroadphase.h */ = {isa = PBXFileReference; lastKnownFileType = sourcecode.c.h; name = "b3GpuParallelLinearBvhBroadphase.h"; path = "../../src/Bullet3OpenCL/BroadphaseCollision/b3GpuParallelLinearBvhBroadphase.h"; sourceTree = "<group>"; };
		5AFE0FA9397D48C53D2D0D5C /* b3GpuSapBroadphase.cpp */ = {isa = PBXFileReference; lastKnownFileType = sourcecode.cpp.cpp; name = "b3GpuSapBroadphase.cpp"; path = "../../src/Bullet3OpenCL/BroadphaseCollision/b3GpuSapBroadphase.cpp"; sourceTree = "<group>"; };
		687977BA548779AF782B6081 /* b3GpuSapBroadphase.h */ = {isa = PBXFileReference; lastKnownFileType = sourcecode.c.h; name = "b3GpuSapBroadphase.h"; path = "../../src/Bullet3OpenCL/BroadphaseCollision/b3GpuSapBroadphase.h"; sourceTree = "<group>"; };
		635570A434B77AB52C721E39 /* b3SapAabb.h */ = {isa = PBXFileReference; lastKnownFileType = sourcecode.c.h; name = "b3SapAabb.h"; path = "../../src/Bullet3OpenCL/BroadphaseCollision/b3SapAabb.h"; sourceTree = "<group>"; };
		14536A7A10163D3177D419CB /* gridBroadphaseKernels.h */ = {isa = PBXFileReference; lastKnownFileType = sourcecode.c.h; name = "gridBroadphaseKernels.h"; path = "../../src/Bullet3OpenCL/BroadphaseCollision/kernels/gridBroadphaseKernels.h"; sourceTree = "<group>"; };
		0D831F5730554273181C68C9 /* parallelLinearBvhKernels.h */ = {isa = PBXFileReference; lastKnownFileType = sourcecode.c.h; name = "parallelLinearBvhKernels.h"; path = "../../src/Bullet3OpenCL/BroadphaseCollision/kernels/parallelLinearBvhKernels.h"; sourceTree = "<group>"; };
		7CF822BE12AD358D422F4226 /* sapKernels.h */ = {isa = PBXFileReference; lastKnownFileType = sourcecode.c.h; name = "sapKernels.h"; path = "../../src/Bullet3OpenCL/BroadphaseCollision/kernels/sapKernels.h"; sourceTree = "<group>"; };
		53353FE64CF9118D5F867934 /* b3OpenCLInclude.h */ = {isa = PBXFileReference; lastKnownFileType = sourcecode.c.h; name = "b3OpenCLInclude.h"; path = "../../src/Bullet3OpenCL/Initialize/b3OpenCLInclude.h"; sourceTree = "<group>"; };
		4A8C3CBC6551332437724D82 /* b3OpenCLUtils.cpp */ = {isa = PBXFileReference; lastKnownFileType = sourcecode.cpp.cpp; name = "b3OpenCLUtils.cpp"; path = "../../src/Bullet3OpenCL/Initialize/b3OpenCLUtils.cpp"; sourceTree = "<group>"; };
		44910FC36DC92BBF09805E3A /* b3OpenCLUtils.h */ = {isa = PBXFileReference; lastKnownFileType = sourcecode.c.h; name = "b3OpenCLUtils.h"; path = "../../src/Bullet3OpenCL/Initialize/b3OpenCLUtils.h"; sourceTree = "<group>"; };
		558050E118E3655C2D1A211C /* b3BvhInfo.h */ = {isa = PBXFileReference; lastKnownFileType = sourcecode.c.h; name = "b3BvhInfo.h"; path = "../../src/Bullet3OpenCL/NarrowphaseCollision/b3BvhInfo.h"; sourceTree = "<group>"; };
		68326B0318A660CE23E4027D /* b3ContactCache.cpp */ = {isa = PBXFileReference; lastKnownFileType = sourcecode.cpp.cpp; name = "b3ContactCache.cpp"; path = "../../src/Bullet3OpenCL/NarrowphaseCollision/b3ContactCache.cpp"; sourceTree = "<group>"; };
		11860FD66B890A4F6B7F022B /* b3ContactCache.h */ = {isa = PBXFileReference; lastKnownFileType = sourcecode.c.h; name = "b3ContactCache.h"; path = "../../src/Bullet3OpenCL/NarrowphaseCollision/b3ContactCache.h"; sourceTree = "<group>"; };
		09911643489B487A78DF0FBD /* b3ConvexHullContact.cpp */ = {isa = PBXFileReference; lastKnownFileType = sourcecode.cpp.cpp; name = "b3ConvexHullContact.cpp"; path = "../../src/Bullet3OpenCL/NarrowphaseCollision/b3ConvexHullContact.cpp"; sourceTree = "<group>"; };
		107262E06F7314A51B5457CF /* b3ConvexHullContact.h */ = {isa = PBXFileReference; lastKnownFileType = sourcecode.c.h; name = "b3ConvexHullContact.h"; path = "../../src/Bullet3OpenCL/NarrowphaseCollision/b3ConvexHullContact.h"; sourceTree = "<group>"; };
		7197024B0FCE37230AEB08B8 /* b3ConvexPolyhedronCL.h */ = {isa = PBXFileReference; lastKnownFileType = sourcecode.c.h; name = "b3ConvexPolyhedronCL.h"; path = "../../src/Bullet3OpenCL/NarrowphaseCollision/b3ConvexPolyhedronCL.h"; sourceTree = "<group>"; };
		744C4E451CD462C31C55318E /* b3GjkEpa.cpp */ = {isa = PBXFileReference; lastKnownFileType = sourcecode.cpp.cpp; name = "b3GjkEpa.cpp"; path = "../../src/Bullet3OpenCL/NarrowphaseCollision/b3GjkEpa.cpp"; sourceTree = "<group>"; };
		3C144A1B5198525838FD6F19 /* b3GjkEpa.h */ = {isa = PBXFileReference; lastKnownFileType = sourcecode.c.h; name = "b3GjkEpa.h"; path = "../../src/Bullet3OpenCL/NarrowphaseCollision/b3GjkEpa.h"; sourceTree = "<group>"; };
		00061B5C71AD1E312B4C2BBF /* b3OptimizedBvh.cpp */ = {isa = PBXFileReference; lastKnownFileType = sourcecode.cpp.cpp; name = "b3OptimizedBvh.cpp"; path = "../../src/Bullet3OpenCL/NarrowphaseCollision/b3OptimizedBvh.cpp"; sourceTree = "<group>"; };
		02E24FDD3DF41520746060CA /* b3OptimizedBvh.h */ = {isa = PBXFileReference; lastKnownFileType = sourcecode.c.h; name = "b3OptimizedBvh.h"; path = "../../src/Bullet3OpenCL/NarrowphaseCollision/b3OptimizedBvh.h"; sourceTree = "<group>"; };
		1189404C590177C21CEC6AD9 /* b3QuantizedBvh.cpp */ = {isa = PBXFileReference; lastKnownFileType = sourcecode.cpp.cpp; name = "b3QuantizedBvh.cpp"; path = "../../src/Bullet3OpenCL/NarrowphaseCollision/b3QuantizedBvh.cpp"; sourceTree = "<group>"; };
		596A578A37040FB145851FD1 /* b3QuantizedBvh.h */ = {isa = PBXFileReference; lastKnownFileType = sourcecode.c.h; name = "b3QuantizedBvh.h"; path = "../../src/Bullet3OpenCL/NarrowphaseCollision/b3QuantizedBvh.h"; sourceTree = "<group>"; };
		110D73ED6E8652A83D67486A /* b3StridingMeshInterface.cpp */ = {isa = PBXFileReference; lastKnownFileType = sourcecode.cpp.cpp; name = "b3StridingMeshInterface.cpp"; path = "../../src/Bullet3OpenCL/NarrowphaseCollision/b3StridingMeshInterface.cpp"; sourceTree = "<group>"; };
		69DC7E032E3A688673EA2226 /* b3StridingMeshInterface.h */ = {isa = PBXFileReference; lastKnownFileType = sourcecode.c.h; name = "b3StridingMeshInterface.h"; path = "../../src/Bullet3OpenCL/NarrowphaseCollision/b3StridingMeshInterface.h"; sourceTree = "<group>"; };
		0C38352F42454A1E1885613A /* b3SupportMappings.h */ = {isa = PBXFileReference; lastKnownFileType = sourcecode.c.h; name = "b3SupportMappings.h"; path = "../../src/Bullet3OpenCL/NarrowphaseCollision/b3SupportMappings.h"; sourceTree = "<group>"; };
		62D328B1208E046062E96604 /* b3TriangleCallback.cpp */ = {isa = PBXFileReference; lastKnownFileType = sourcecode.cpp.cpp; name = "b3TriangleCallback.cpp"; path = "../../src/Bullet3OpenCL/NarrowphaseCollision/b3TriangleCallback.cpp"; sourceTree = "<group>"; };
		69D41A9F417725481F992E61 /* b3TriangleCallback.h */ = {isa = PBXFileReference; lastKnownFileType = sourcecode.c.h; name = "b3TriangleCallback.h"; path = "../../src/Bullet3OpenCL/NarrowphaseCollision/b3TriangleCallback.h"; sourceTree = "<group>"; };
		17E152E2164076F2248F68A8 /* b3TriangleIndexVertexArray.cpp */ = {isa = PBXFileReference; lastKnownFileType = sourcecode.cpp.cpp; name = "b3TriangleIndexVertexArray.cpp"; path = "../../src/Bullet3OpenCL/NarrowphaseCollision/b3TriangleIndexVertexArray.cpp"; sourceTree = "<group>"; };
		7B2F5F73145365CE51142ADC /* b3TriangleIndexVertexArray.h */ = {isa = PBXFileReference; lastKnownFileType = sourcecode.c.h; name = "b3TriangleIndexVertexArray.h"; path = "../../src/Bullet3OpenCL/NarrowphaseCollision/b3TriangleIndexVertexArray.h"; sourceTree = "<group>"; };
		655E300470A16A15138723EE /* b3VectorFloat4.h */ = {isa = PBXFileReference; lastKnownFileType = sourcecode.c.h; name = "b3VectorFloat4.h"; path = "../../src/Bullet3OpenCL/NarrowphaseCollision/b3VectorFloat4.h"; sourceTree = "<group>"; };
		63ED151D358D531473670961 /* b3VoronoiSimplexSolver.cpp */ = {isa = PBXFileReference; lastKnownFileType = sourcecode.cpp.cpp; name = "b3VoronoiSimplexSolver.cpp"; path = "../../src/Bullet3OpenCL/NarrowphaseCollision/b3VoronoiSimplexSolver.cpp"; sourceTree = "<group>"; };
		0C262E940C107D0900B51B3F /* b3VoronoiSimplexSolver.h */ = {isa = PBXFileReference; lastKnownFileType = sourcecode.c.h; name = "b3VoronoiSimplexSolver.h"; path = "../../src/Bullet3OpenCL/NarrowphaseCollision/b3VoronoiSimplexSolver.h"; sourceTree = "<group>"; };
		078342834446015C43D84304 /* bvhTraversal.h */ = {isa = PBXFileReference; lastKnownFileType = sourcecode.c.h; name = "bvhTraversal.h"; path = "../../src/Bullet3OpenCL/NarrowphaseCollision/kernels/bvhTraversal.h"; sourceTree = "<group>"; };
		3BB457EA75E751491A60545E /* mprKernels.h */ = {isa = PBXFileReference; lastKnownFileType = sourcecode.c.h; name = "mprKernels.h"; path = "../../src/Bullet3OpenCL/NarrowphaseCollision/kernels/mprKernels.h"; sourceTree = "<group>"; };
		089C655A0EC354592C8C41B9 /* primitiveContacts.h */ = {isa = PBXFileReference; lastKnownFileType = sourcecode.c.h; name = "primitiveContacts.h"; path = "../../src/Bullet3OpenCL/NarrowphaseCollision/kernels/primitiveContacts.h"; sourceTree = "<group>"; };
		08C640AB405002904D6B5660 /* satClipHullContacts.h */ = {isa = PBXFileReference; lastKnownFileType = sourcecode.c.h; name = "satClipHullContacts.h"; path = "../../src/Bullet3OpenCL/NarrowphaseCollision/kernels/satClipHullContacts.h"; sourceTree = "<group>"; };
		577B5B262BC7445A0C8462A2 /* satConcaveKernels.h */ = {isa = PBXFileReference; lastKnownFileType = sourcecode.c.h; name = "satConcaveKernels.h"; path = "../../src/Bullet3OpenCL/NarrowphaseCollision/kernels/satConcaveKernels.h"; sourceTree = "<group>"; };
		27C7290A76E6088509CD2054 /* satKernels.h */ = {isa = PBXFileReference; lastKnownFileType = sourcecode.c.h; name = "satKernels.h"; path = "../../src/Bullet3OpenCL/NarrowphaseCollision/kernels/satKernels.h"; sourceTree = "<group>"; };
		550E24AA3DD43C572AA7502C /* b3BoundSearchCL.cpp */ = {isa = PBXFileReference; lastKnownFileType = sourcecode.cpp.cpp; name = "b3BoundSearchCL.cpp"; path = "../../src/Bullet3OpenCL/ParallelPrimitives/b3BoundSearchCL.cpp"; sourceTree = "<group>"; };
		535D3FB269F2136617C4035A /* b3BoundSearchCL.h */ = {isa = PBXFileReference; lastKnownFileType = sourcecode.c.h; name = "b3BoundSearchCL.h"; path = "../../src/Bullet3OpenCL/ParallelPrimitives/b3BoundSearchCL.h"; sourceTree = "<group>"; };
		27095DBA1D5E095E28AF2AE1 /* b3BufferInfoCL.h */ = {isa = PBXFileReference; lastKnownFileType = sourcecode.c.h; name = "b3BufferInfoCL.h"; path = "../../src/Bullet3OpenCL/ParallelPrimitives/b3BufferInfoCL.h"; sourceTree = "<group>"; };
		57A80A8B455F06C8409E692A /* b3FillCL.cpp */ = {isa = PBXFileReference; lastKnownFileType = sourcecode.cpp.cpp; name = "b3FillCL.cpp"; path = "../../src/Bullet3OpenCL/ParallelPrimitives/b3FillCL.cpp"; sourceTree = "<group>"; };
		1AC5226E08ED24142EAE3E69 /* b3FillCL.h */ = {isa = PBXFileReference; lastKnownFileType = sourcecode.c.h; name = "b3FillCL.h"; path = "../../src/Bullet3OpenCL/ParallelPrimitives/b3FillCL.h"; sourceTree = "<group>"; };
		16093AF757FE6ADC1ABF1F74 /* b3LauncherCL.cpp */ = {isa = PBXFileReference; lastKnownFileType = sourcecode.cpp.cpp; name = "b3LauncherCL.cpp"; path = "../../src/Bullet3OpenCL/ParallelPrimitives/b3LauncherCL.cpp"; sourceTree = "<group>"; };
		56D008A869103B0957B75CD5 /* b3LauncherCL.h */ = {isa = PBXFileReference; lastKnownFileType = sourcecode.c.h; name = "b3LauncherCL.h"; path = "../../src/Bullet3OpenCL/ParallelPrimitives/b3LauncherCL.h"; sourceTree = "<group>"; };
		47737B6405836E94771A55A4 /* b3OpenCLArray.h */ = {isa = PBXFileReference; lastKnownFileType = sourcecode.c.h; name = "b3OpenCLArray.h"; path = "../../src/Bullet3OpenCL/ParallelPrimitives/b3OpenCLArray.h"; sourceTree = "<group>"; };
		197F7C0D70BA614531203B55 /* b3PrefixScanCL.cpp */ = {isa = PBXFileReference; lastKnownFileType = sourcecode.cpp.cpp; name = "b3PrefixScanCL.cpp"; path = "../../src/Bullet3OpenCL/ParallelPrimitives/b3PrefixScanCL.cpp"; sourceTree = "<group>"; };
		701122511C6675C835402C1E /* b3PrefixScanCL.h */ = {isa = PBXFileReference; lastKnownFileType = sourcecode.c.h; name = "b3PrefixScanCL.h"; path = "../../src/Bullet3OpenCL/ParallelPrimitives/b3PrefixScanCL.h"; sourceTree = "<group>"; };
		793F50DE3CF715B947BA2B15 /* b3PrefixScanFloat4CL.cpp */ = {isa = PBXFileReference; lastKnownFileType = sourcecode.cpp.cpp; name = "b3PrefixScanFloat4CL.cpp"; path = "../../src/Bullet3OpenCL/ParallelPrimitives/b3PrefixScanFloat4CL.cpp"; sourceTree = "<group>"; };
		1EEC2F3B4CFB7CCE49CA28E5 /* b3PrefixScanFloat4CL.h */ = {isa = PBXFileReference; lastKnownFileType = sourcecode.c.h; name = "b3PrefixScanFloat4CL.h"; path = "../../src/Bullet3OpenCL/ParallelPrimitives/b3PrefixScanFloat4CL.h"; sourceTree = "<group>"; };
		054F110D1C0511935CF90EEE /* b3RadixSort32CL.cpp */ = {isa = PBXFileReference; lastKnownFileType = sourcecode.cpp.cpp; name = "b3RadixSort32CL.cpp"; path = "../../src/Bullet3OpenCL/ParallelPrimitives/b3RadixSort32CL.cpp"; sourceTree = "<group>"; };
		69EA31E006387C5C33CD04BD /* b3RadixSort32CL.h */ = {isa = PBXFileReference; lastKnownFileType = sourcecode.c.h; name = "b3RadixSort32CL.h"; path = "../../src/Bullet3OpenCL/ParallelPrimitives/b3RadixSort32CL.h"; sourceTree = "<group>"; };
		18CF62B161AB3C4847D121BC /* BoundSearchKernelsCL.h */ = {isa = PBXFileReference; lastKnownFileType = sourcecode.c.h; name = "BoundSearchKernelsCL.h"; path = "../../src/Bullet3OpenCL/ParallelPrimitives/kernels/BoundSearchKernelsCL.h"; sourceTree = "<group>"; };
		40EE7C44777E783B6D9A3A3F /* CopyKernelsCL.h */ = {isa = PBXFileReference; lastKnownFileType = sourcecode.c.h; name = "CopyKernelsCL.h"; path = "../../src/Bullet3OpenCL/ParallelPrimitives/kernels/CopyKernelsCL.h"; sourceTree = "<group>"; };
		0B8D0B5C049F68634C9A3BA0 /* FillKernelsCL.h */ = {isa = PBXFileReference; lastKnownFileType = sourcecode.c.h; name = "FillKernelsCL.h"; path = "../../src/Bullet3OpenCL/ParallelPrimitives/kernels/FillKernelsCL.h"; sourceTree = "<group>"; };
		0D846A701EA51D262D541FA9 /* PrefixScanKernelsCL.h */ = {isa = PBXFileReference; lastKnownFileType = sourcecode.c.h; name = "PrefixScanKernelsCL.h"; path = "../../src/Bullet3OpenCL/ParallelPrimitives/kernels/PrefixScanKernelsCL.h"; sourceTree = "<group>"; };
		3C3F0252758A46BF5A341117 /* PrefixScanKernelsFloat4CL.h */ = {isa = PBXFileReference; lastKnownFileType = sourcecode.c.h; name = "PrefixScanKernelsFloat4CL.h"; path = "../../src/Bullet3OpenCL/ParallelPrimitives/kernels/PrefixScanKernelsFloat4CL.h"; sourceTree = "<group>"; };
		2DBB012871D978C35A905E2B /* RadixSort32KernelsCL.h */ = {isa = PBXFileReference; lastKnownFileType = sourcecode.c.h; name = "RadixSort32KernelsCL.h"; path = "../../src/Bullet3OpenCL/ParallelPrimitives/kernels/RadixSort32KernelsCL.h"; sourceTree = "<group>"; };
		57A31C5D446351DD0FA134E8 /* b3GpuRaycast.cpp */ = {isa = PBXFileReference; lastKnownFileType = sourcecode.cpp.cpp; name = "b3GpuRaycast.cpp"; path = "../../src/Bullet3OpenCL/Raycast/b3GpuRaycast.cpp"; sourceTree = "<group>"; };
		78A940C5768D39A706C9206A /* b3GpuRaycast.h */ = {isa = PBXFileReference; lastKnownFileType = sourcecode.c.h; name = "b3GpuRaycast.h"; path = "../../src/Bullet3OpenCL/Raycast/b3GpuRaycast.h"; sourceTree = "<group>"; };
		4FB04DBA1B1E6B717EF520E1 /* rayCastKernels.h */ = {isa = PBXFileReference; lastKnownFileType = sourcecode.c.h; name = "rayCastKernels.h"; path = "../../src/Bullet3OpenCL/Raycast/kernels/rayCastKernels.h"; sourceTree = "<group>"; };
		0CFF4B4C28B87BF457D445C9 /* b3GpuConstraint4.h */ = {isa = PBXFileReference; lastKnownFileType = sourcecode.c.h; name = "b3GpuConstraint4.h"; path = "../../src/Bullet3OpenCL/RigidBody/b3GpuConstraint4.h"; sourceTree = "<group>"; };
		4BEA74D95C75167041AA0334 /* b3GpuGenericConstraint.cpp */ = {isa = PBXFileReference; lastKnownFileType = sourcecode.cpp.cpp; name = "b3GpuGenericConstraint.cpp"; path = "../../src/Bullet3OpenCL/RigidBody/b3GpuGenericConstraint.cpp"; sourceTree = "<group>"; };
		16CF11F36C251C4F0E8A40EE /* b3GpuGenericConstraint.h */ = {isa = PBXFileReference; lastKnownFileType = sourcecode.c.h; name = "b3GpuGenericConstraint.h"; path = "../../src/Bullet3OpenCL/RigidBody/b3GpuGenericConstraint.h"; sourceTree = "<group>"; };
		6F2E64BA1C7D7BEF398505CE /* b3GpuJacobiContactSolver.cpp */ = {isa = PBXFileReference; lastKnownFileType = sourcecode.cpp.cpp; name = "b3GpuJacobiContactSolver.cpp"; path = "../../src/Bullet3OpenCL/RigidBody/b3GpuJacobiContactSolver.cpp"; sourceTree = "<group>"; };
		6190544A74B7348258D8755F /* b3GpuJacobiContactSolver.h */ = {isa = PBXFileReference; lastKnownFileType = sourcecode.c.h; name = "b3GpuJacobiContactSolver.h"; path = "../../src/Bullet3OpenCL/RigidBody/b3GpuJacobiContactSolver.h"; sourceTree = "<group>"; };
		6BE469982CEB0A2E75D77F76 /* b3GpuNarrowPhase.cpp */ = {isa = PBXFileReference; lastKnownFileType = sourcecode.cpp.cpp; name = "b3GpuNarrowPhase.cpp"; path = "../../src/Bullet3OpenCL/RigidBody/b3GpuNarrowPhase.cpp"; sourceTree = "<group>"; };
		035B55371D662F193BF22504 /* b3GpuNarrowPhase.h */ = {isa = PBXFileReference; lastKnownFileType = sourcecode.c.h; name = "b3GpuNarrowPhase.h"; path = "../../src/Bullet3OpenCL/RigidBody/b3GpuNarrowPhase.h"; sourceTree = "<group>"; };
		592B26775AC808C14BB36669 /* b3GpuNarrowPhaseInternalData.h */ = {isa = PBXFileReference; lastKnownFileType = sourcecode.c.h; name = "b3GpuNarrowPhaseInternalData.h"; path = "../../src/Bullet3OpenCL/RigidBody/b3GpuNarrowPhaseInternalData.h"; sourceTree = "<group>"; };
		2DD7043551971A9749FE72F6 /* b3GpuPgsConstraintSolver.cpp */ = {isa = PBXFileReference; lastKnownFileType = sourcecode.cpp.cpp; name = "b3GpuPgsConstraintSolver.cpp"; path = "../../src/Bullet3OpenCL/RigidBody/b3GpuPgsConstraintSolver.cpp"; sourceTree = "<group>"; };
		68CB76B225F57F1A44C44402 /* b3GpuPgsConstraintSolver.h */ = {isa = PBXFileReference; lastKnownFileType = sourcecode.c.h; name = "b3GpuPgsConstraintSolver.h"; path = "../../src/Bullet3OpenCL/RigidBody/b3GpuPgsConstraintSolver.h"; sourceTree = "<group>"; };
		03A811200452644C5E6A1411 /* b3GpuPgsContactSolver.cpp */ = {isa = PBXFileReference; lastKnownFileType = sourcecode.cpp.cpp; name = "b3GpuPgsContactSolver.cpp"; path = "../../src/Bullet3OpenCL/RigidBody/b3GpuPgsContactSolver.cpp"; sourceTree = "<group>"; };
		2C43047134370C223B8732B2 /* b3GpuPgsContactSolver.h */ = {isa = PBXFileReference; lastKnownFileType = sourcecode.c.h; name = "b3GpuPgsContactSolver.h"; path = "../../src/Bullet3OpenCL/RigidBody/b3GpuPgsContactSolver.h"; sourceTree = "<group>"; };
		01BD27BF1CE57EC7616C0932 /* b3GpuRigidBodyPipeline.cpp */ = {isa = PBXFileReference; lastKnownFileType = sourcecode.cpp.cpp; name = "b3GpuRigidBodyPipeline.cpp"; path = "../../src/Bullet3OpenCL/RigidBody/b3GpuRigidBodyPipeline.cpp"; sourceTree = "<group>"; };
		130955A621475DC330DA5428 /* b3GpuRigidBodyPipeline.h */ = {isa = PBXFileReference; lastKnownFileType = sourcecode.c.h; name = "b3GpuRigidBodyPipeline.h"; path = "../../src/Bullet3OpenCL/RigidBody/b3GpuRigidBodyPipeline.h"; sourceTree = "<group>"; };
		180D348E12B1484F63F253E1 /* b3GpuRigidBodyPipelineInternalData.h */ = {isa = PBXFileReference; lastKnownFileType = sourcecode.c.h; name = "b3GpuRigidBodyPipelineInternalData.h"; path = "../../src/Bullet3OpenCL/RigidBody/b3GpuRigidBodyPipelineInternalData.h"; sourceTree = "<group>"; };
		118F43C35FF01A703B9001CD /* b3GpuSolverBody.h */ = {isa = PBXFileReference; lastKnownFileType = sourcecode.c.h; name = "b3GpuSolverBody.h"; path = "../../src/Bullet3OpenCL/RigidBody/b3GpuSolverBody.h"; sourceTree = "<group>"; };
		565C61DC3E763F6C78AC03D4 /* b3GpuSolverConstraint.h */ = {isa = PBXFileReference; lastKnownFileType = sourcecode.c.h; name = "b3GpuSolverConstraint.h"; path = "../../src/Bullet3OpenCL/RigidBody/b3GpuSolverConstraint.h"; sourceTree = "<group>"; };
		05925093191B7AEC3A235E3C /* b3Solver.cpp */ = {isa = PBXFileReference; lastKnownFileType = sourcecode.cpp.cpp; name = "b3Solver.cpp"; path = "../../src/Bullet3OpenCL/RigidBody/b3Solver.cpp"; sourceTree = "<group>"; };
		6CF441E340B7622A356640C7 /* b3Solver.h */ = {isa = PBXFileReference; lastKnownFileType = sourcecode.c.h; name = "b3Solver.h"; path = "../../src/Bullet3OpenCL/RigidBody/b3Solver.h"; sourceTree = "<group>"; };
		19C15D341AC3039542361B3B /* batchingKernels.h */ = {isa = PBXFileReference; lastKnownFileType = sourcecode.c.h; name = "batchingKernels.h"; path = "../../src/Bullet3OpenCL/RigidBody/kernels/batchingKernels.h"; sourceTree = "<group>"; };
		4B6B17B03C455E5612AC6BBB /* batchingKernelsNew.h */ = {isa = PBXFileReference; lastKnownFileType = sourcecode.c.h; name = "batchingKernelsNew.h"; path = "../../src/Bullet3OpenCL/RigidBody/kernels/batchingKernelsNew.h"; sourceTree = "<group>"; };
		61593C6463A927833EFC41E6 /* integrateKernel.h */ = {isa = PBXFileReference; lastKnownFileType = sourcecode.c.h; name = "integrateKernel.h"; path = "../../src/Bullet3OpenCL/RigidBody/kernels/integrateKernel.h"; sourceTree = "<group>"; };
		02822DBF7FFE7FC36C827B39 /* jointSolver.h */ = {isa = PBXFileReference; lastKnownFileType = sourcecode.c.h; name = "jointSolver.h"; path = "../../src/Bullet3OpenCL/RigidBody/kernels/jointSolver.h"; sourceTree = "<group>"; };
		192A3BA3046C68CA4388222F /* solveContact.h */ = {isa = PBXFileReference; lastKnownFileType = sourcecode.c.h; name = "solveContact.h"; path = "../../src/Bullet3OpenCL/RigidBody/kernels/solveContact.h"; sourceTree = "<group>"; };
		7B2F7314414E102236493023 /* solveFriction.h */ = {isa = PBXFileReference; lastKnownFileType = sourcecode.c.h; name = "solveFriction.h"; path = "../../src/Bullet3OpenCL/RigidBody/kernels/solveFriction.h"; sourceTree = "<group>"; };
		0A04156B47107B3443384F69 /* solverSetup.h */ = {isa = PBXFileReference; lastKnownFileType = sourcecode.c.h; name = "solverSetup.h"; path = "../../src/Bullet3OpenCL/RigidBody/kernels/solverSetup.h"; sourceTree = "<group>"; };
		1CCF0CCB698216926C704983 /* solverSetup2.h */ = {isa = PBXFileReference; lastKnownFileType = sourcecode.c.h; name = "solverSetup2.h"; path = "../../src/Bullet3OpenCL/RigidBody/kernels/solverSetup2.h"; sourceTree = "<group>"; };
		6AB4760E4BC66A4D03B43236 /* solverUtils.h */ = {isa = PBXFileReference; lastKnownFileType = sourcecode.c.h; name = "solverUtils.h"; path = "../../src/Bullet3OpenCL/RigidBody/kernels/solverUtils.h"; sourceTree = "<group>"; };
		08A714375E4C77ED726426F2 /* updateAabbsKernel.h */ = {isa = PBXFileReference; lastKnownFileType = sourcecode.c.h; name = "updateAabbsKernel.h"; path = "../../src/Bullet3OpenCL/RigidBody/kernels/updateAabbsKernel.h"; sourceTree = "<group>"; };
		3D74384951FA32D57CEC0072 /* clew.c */ = {isa = PBXFileReference; lastKnownFileType = sourcecode.c.c; name = "clew.c"; path = "../../src/clew/clew.c"; sourceTree = "<group>"; };
		026622AD14882DC7031A3B9D /* clew.h */ = {isa = PBXFileReference; lastKnownFileType = sourcecode.c.h; name = "clew.h"; path = "../../src/clew/clew.h"; sourceTree = "<group>"; };
		6F041DD46B592D6C33255F78 /* libBullet3OpenCL_clew_xcode4_x64_release.a */ = {isa = PBXFileReference; explicitFileType = archive.ar; includeInIndex = 0; name = "libBullet3OpenCL_clew_xcode4_x64_release.a"; path = "libBullet3OpenCL_clew_xcode4_x64_release.a"; sourceTree = BUILT_PRODUCTS_DIR; };
/* End PBXFileReference section */

/* Begin PBXFrameworksBuildPhase section */
		014A32CD6F7A5C9F5F0744E0 /* Frameworks */ = {
			isa = PBXFrameworksBuildPhase;
			buildActionMask = 2147483647;
			files = (
			);
			runOnlyForDeploymentPostprocessing = 0;
		};
/* End PBXFrameworksBuildPhase section */

/* Begin PBXGroup section */
		1248753F17D322070CC44B8E /* Bullet3OpenCL_clew */ = {
			isa = PBXGroup;
			children = (
				5E532CB0653B142879A95657 /* src */,
				4BEE78BC05B36BBA241C5963 /* Products */,
			);
			name = "Bullet3OpenCL_clew";
			sourceTree = "<group>";
		};
		5E532CB0653B142879A95657 /* src */ = {
			isa = PBXGroup;
			children = (
				286510AB651618252EE75F2A /* Bullet3OpenCL */,
				7F9546B05E721EFD75B40DBA /* clew */,
			);
			name = "src";
			sourceTree = "<group>";
		};
		286510AB651618252EE75F2A /* Bullet3OpenCL */ = {
			isa = PBXGroup;
			children = (
				790C2882002A51413E094944 /* BroadphaseCollision */,
				650F6E31140B11BB19F72CEC /* Initialize */,
				31D74A0462AA38F91AD13E1A /* NarrowphaseCollision */,
				0C6B513F3FBC683865D52B5A /* ParallelPrimitives */,
				604A51863F8E32022CBA15BF /* Raycast */,
				3D783F4A4922025C7DA45B64 /* RigidBody */,
			);
			name = "Bullet3OpenCL";
			sourceTree = "<group>";
		};
		790C2882002A51413E094944 /* BroadphaseCollision */ = {
			isa = PBXGroup;
			children = (
				3EFF0E6E69D26475570C027E /* b3GpuBroadphaseInterface.h */,
				27487BE452F506FA34F555DD /* b3GpuGridBroadphase.cpp */,
				12DE4A950FE538CD487D12A8 /* b3GpuGridBroadphase.h */,
				7114693A1C2031A21354776D /* b3GpuParallelLinearBvh.cpp */,
				7A2A78C1711C23B219E92FA1 /* b3GpuParallelLinearBvh.h */,
				1C3A376B134F65F76F426B6B /* b3GpuParallelLinearBvhBroadphase.cpp */,
				13EF35387FDA634D6E9A5847 /* b3GpuParallelLinearBvhBroadphase.h */,
				5AFE0FA9397D48C53D2D0D5C /* b3GpuSapBroadphase.cpp */,
				687977BA548779AF782B6081 /* b3GpuSapBroadphase.h */,
				635570A434B77AB52C721E39 /* b3SapAabb.h */,
				543631A34CA5218F607C001D /* kernels */,
			);
			name = "BroadphaseCollision";
			sourceTree = "<group>";
		};
		543631A34CA5218F607C001D /* kernels */ = {
			isa = PBXGroup;
			children = (
				14536A7A10163D3177D419CB /* gridBroadphaseKernels.h */,
				0D831F5730554273181C68C9 /* parallelLinearBvhKernels.h */,
				7CF822BE12AD358D422F4226 /* sapKernels.h */,
			);
			name = "kernels";
			sourceTree = "<group>";
		};
		650F6E31140B11BB19F72CEC /* Initialize */ = {
			isa = PBXGroup;
			children = (
				53353FE64CF9118D5F867934 /* b3OpenCLInclude.h */,
				4A8C3CBC6551332437724D82 /* b3OpenCLUtils.cpp */,
				44910FC36DC92BBF09805E3A /* b3OpenCLUtils.h */,
			);
			name = "Initialize";
			sourceTree = "<group>";
		};
		31D74A0462AA38F91AD13E1A /* NarrowphaseCollision */ = {
			isa = PBXGroup;
			children = (
				558050E118E3655C2D1A211C /* b3BvhInfo.h */,
				68326B0318A660CE23E4027D /* b3ContactCache.cpp */,
				11860FD66B890A4F6B7F022B /* b3ContactCache.h */,
				09911643489B487A78DF0FBD /* b3ConvexHullContact.cpp */,
				107262E06F7314A51B5457CF /* b3ConvexHullContact.h */,
				7197024B0FCE37230AEB08B8 /* b3ConvexPolyhedronCL.h */,
				744C4E451CD462C31C55318E /* b3GjkEpa.cpp */,
				3C144A1B5198525838FD6F19 /* b3GjkEpa.h */,
				00061B5C71AD1E312B4C2BBF /* b3OptimizedBvh.cpp */,
				02E24FDD3DF41520746060CA /* b3OptimizedBvh.h */,
				1189404C590177C21CEC6AD9 /* b3QuantizedBvh.cpp */,
				596A578A37040FB145851FD1 /* b3QuantizedBvh.h */,
				110D73ED6E8652A83D67486A /* b3StridingMeshInterface.cpp */,
				69DC7E032E3A688673EA2226 /* b3StridingMeshInterface.h */,
				0C38352F42454A1E1885613A /* b3SupportMappings.h */,
				62D328B1208E046062E96604 /* b3TriangleCallback.cpp */,
				69D41A9F417725481F992E61 /* b3TriangleCallback.h */,
				17E152E2164076F2248F68A8 /* b3TriangleIndexVertexArray.cpp */,
				7B2F5F73145365CE51142ADC /* b3TriangleIndexVertexArray.h */,
				655E300470A16A15138723EE /* b3VectorFloat4.h */,
				63ED151D358D531473670961 /* b3VoronoiSimplexSolver.cpp */,
				0C262E940C107D0900B51B3F /* b3VoronoiSimplexSolver.h */,
				6F225CEA1D5F5E7B732F28CE /* kernels */,
			);
			name = "NarrowphaseCollision";
			sourceTree = "<group>";
		};
		6F225CEA1D5F5E7B732F28CE /* kernels */ = {
			isa = PBXGroup;
			children = (
				078342834446015C43D84304 /* bvhTraversal.h */,
				3BB457EA75E751491A60545E /* mprKernels.h */,
				089C655A0EC354592C8C41B9 /* primitiveContacts.h */,
				08C640AB405002904D6B5660 /* satClipHullContacts.h */,
				577B5B262BC7445A0C8462A2 /* satConcaveKernels.h */,
				27C7290A76E6088509CD2054 /* satKernels.h */,
			);
			name = "kernels";
			sourceTree = "<group>";
		};
		0C6B513F3FBC683865D52B5A /* ParallelPrimitives */ = {
			isa = PBXGroup;
			children = (
				550E24AA3DD43C572AA7502C /* b3BoundSearchCL.cpp */,
				535D3FB269F2136617C4035A /* b3BoundSearchCL.h */,
				27095DBA1D5E095E28AF2AE1 /* b3BufferInfoCL.h */,
				57A80A8B455F06C8409E692A /* b3FillCL.cpp */,
				1AC5226E08ED24142EAE3E69 /* b3FillCL.h */,
				16093AF757FE6ADC1ABF1F74 /* b3LauncherCL.cpp */,
				56D008A869103B0957B75CD5 /* b3LauncherCL.h */,
				47737B6405836E94771A55A4 /* b3OpenCLArray.h */,
				197F7C0D70BA614531203B55 /* b3PrefixScanCL.cpp */,
				701122511C6675C835402C1E /* b3PrefixScanCL.h */,
				793F50DE3CF715B947BA2B15 /* b3PrefixScanFloat4CL.cpp */,
				1EEC2F3B4CFB7CCE49CA28E5 /* b3PrefixScanFloat4CL.h */,
				054F110D1C0511935CF90EEE /* b3RadixSort32CL.cpp */,
				69EA31E006387C5C33CD04BD /* b3RadixSort32CL.h */,
				2B0B17A00BF04E32648242DA /* kernels */,
			);
			name = "ParallelPrimitives";
			sourceTree = "<group>";
		};
		2B0B17A00BF04E32648242DA /* kernels */ = {
			isa = PBXGroup;
			children = (
				18CF62B161AB3C4847D121BC /* BoundSearchKernelsCL.h */,
				40EE7C44777E783B6D9A3A3F /* CopyKernelsCL.h */,
				0B8D0B5C049F68634C9A3BA0 /* FillKernelsCL.h */,
				0D846A701EA51D262D541FA9 /* PrefixScanKernelsCL.h */,
				3C3F0252758A46BF5A341117 /* PrefixScanKernelsFloat4CL.h */,
				2DBB012871D978C35A905E2B /* RadixSort32KernelsCL.h */,
			);
			name = "kernels";
			sourceTree = "<group>";
		};
		604A51863F8E32022CBA15BF /* Raycast */ = {
			isa = PBXGroup;
			children = (
				57A31C5D446351DD0FA134E8 /* b3GpuRaycast.cpp */,
				78A940C5768D39A706C9206A /* b3GpuRaycast.h */,
				208844D86C1417E216F74E86 /* kernels */,
			);
			name = "Raycast";
			sourceTree = "<group>";
		};
		208844D86C1417E216F74E86 /* kernels */ = {
			isa = PBXGroup;
			children = (
				4FB04DBA1B1E6B717EF520E1 /* rayCastKernels.h */,
			);
			name = "kernels";
			sourceTree = "<group>";
		};
		3D783F4A4922025C7DA45B64 /* RigidBody */ = {
			isa = PBXGroup;
			children = (
				0CFF4B4C28B87BF457D445C9 /* b3GpuConstraint4.h */,
				4BEA74D95C75167041AA0334 /* b3GpuGenericConstraint.cpp */,
				16CF11F36C251C4F0E8A40EE /* b3GpuGenericConstraint.h */,
				6F2E64BA1C7D7BEF398505CE /* b3GpuJacobiContactSolver.cpp */,
				6190544A74B7348258D8755F /* b3GpuJacobiContactSolver.h */,
				6BE469982CEB0A2E75D77F76 /* b3GpuNarrowPhase.cpp */,
				035B55371D662F193BF22504 /* b3GpuNarrowPhase.h */,
				592B26775AC808C14BB36669 /* b3GpuNarrowPhaseInternalData.h */,
				2DD7043551971A9749FE72F6 /* b3GpuPgsConstraintSolver.cpp */,
				68CB76B225F57F1A44C44402 /* b3GpuPgsConstraintSolver.h */,
				03A811200452644C5E6A1411 /* b3GpuPgsContactSolver.cpp */,
				2C43047134370C223B8732B2 /* b3GpuPgsContactSolver.h */,
				01BD27BF1CE57EC7616C0932 /* b3GpuRigidBodyPipeline.cpp */,
				130955A621475DC330DA5428 /* b3GpuRigidBodyPipeline.h */,
				180D348E12B1484F63F253E1 /* b3GpuRigidBodyPipelineInternalData.h */,
				118F43C35FF01A703B9001CD /* b3GpuSolverBody.h */,
				565C61DC3E763F6C78AC03D4 /* b3GpuSolverConstraint.h */,
				05925093191B7AEC3A235E3C /* b3Solver.cpp */,
				6CF441E340B7622A356640C7 /* b3Solver.h */,
				4FDE7B8447430FC017632419 /* kernels */,
			);
			name = "RigidBody";
			sourceTree = "<group>";
		};
		4FDE7B8447430FC017632419 /* kernels */ = {
			isa = PBXGroup;
			children = (
				19C15D341AC3039542361B3B /* batchingKernels.h */,
				4B6B17B03C455E5612AC6BBB /* batchingKernelsNew.h */,
				61593C6463A927833EFC41E6 /* integrateKernel.h */,
				02822DBF7FFE7FC36C827B39 /* jointSolver.h */,
				192A3BA3046C68CA4388222F /* solveContact.h */,
				7B2F7314414E102236493023 /* solveFriction.h */,
				0A04156B47107B3443384F69 /* solverSetup.h */,
				1CCF0CCB698216926C704983 /* solverSetup2.h */,
				6AB4760E4BC66A4D03B43236 /* solverUtils.h */,
				08A714375E4C77ED726426F2 /* updateAabbsKernel.h */,
			);
			name = "kernels";
			sourceTree = "<group>";
		};
		7F9546B05E721EFD75B40DBA /* clew */ = {
			isa = PBXGroup;
			children = (
				3D74384951FA32D57CEC0072 /* clew.c */,
				026622AD14882DC7031A3B9D /* clew.h */,
			);
			name = "clew";
			sourceTree = "<group>";
		};
		4BEE78BC05B36BBA241C5963 /* Products */ = {
			isa = PBXGroup;
			children = (
				6F041DD46B592D6C33255F78 /* libBullet3OpenCL_clew_xcode4_x64_release.a */,
			);
			name = "Products";
			sourceTree = "<group>";
		};
/* End PBXGroup section */

/* Begin PBXNativeTarget section */
		66D12E4B504045C94A27775C /* Bullet3OpenCL_clew */ = {
			isa = PBXNativeTarget;
			buildConfigurationList = 30C03E0D7B58611E1D5804A0 /* Build configuration list for PBXNativeTarget "Bullet3OpenCL_clew" */;
			buildPhases = (
				251D13FB5FE747970ED80DBF /* Resources */,
				7D3763456B1F57A312D37330 /* Sources */,
				014A32CD6F7A5C9F5F0744E0 /* Frameworks */,
			);
			buildRules = (
			);
			dependencies = (
			);
			name = "Bullet3OpenCL_clew";
			productName = "Bullet3OpenCL_clew";
			productReference = 6F041DD46B592D6C33255F78 /* libBullet3OpenCL_clew_xcode4_x64_release.a */;
			productType = "com.apple.product-type.library.static";
		};
/* End PBXNativeTarget section */

/* Begin PBXProject section */
		08FB7793FE84155DC02AAC07 /* Project object */ = {
			isa = PBXProject;
			buildConfigurationList = 1DEB928908733DD80010E9CD /* Build configuration list for PBXProject "Bullet3OpenCL_clew" */;
			compatibilityVersion = "Xcode 3.2";
			hasScannedForEncodings = 1;
			mainGroup = 1248753F17D322070CC44B8E /* Bullet3OpenCL_clew */;
			projectDirPath = "";
			projectRoot = "";
			targets = (
				66D12E4B504045C94A27775C /* libBullet3OpenCL_clew_xcode4_x64_release.a */,
			);
		};
/* End PBXProject section */

/* Begin PBXResourcesBuildPhase section */
		251D13FB5FE747970ED80DBF /* Resources */ = {
			isa = PBXResourcesBuildPhase;
			buildActionMask = 2147483647;
			files = (
			);
			runOnlyForDeploymentPostprocessing = 0;
		};
/* End PBXResourcesBuildPhase section */

/* Begin PBXSourcesBuildPhase section */
		7D3763456B1F57A312D37330 /* Sources */ = {
			isa = PBXSourcesBuildPhase;
			buildActionMask = 2147483647;
			files = (
				5D5E66623D9306EE2B6D2D3F /* b3GpuGridBroadphase.cpp in Sources */,
				43A47A942439366A29D5192D /* b3GpuParallelLinearBvh.cpp in Sources */,
				66FC60BC5CAB12A116F829F3 /* b3GpuParallelLinearBvhBroadphase.cpp in Sources */,
				20C654282C66098D1F741A97 /* b3GpuSapBroadphase.cpp in Sources */,
				357B518636DA5C6833F87027 /* b3OpenCLUtils.cpp in Sources */,
				6B072EAA209D500108067761 /* b3ContactCache.cpp in Sources */,
				4A883B24586D08E37C867C0E /* b3ConvexHullContact.cpp in Sources */,
				798854C76B0B27641F7F6C8D /* b3GjkEpa.cpp in Sources */,
				0B130F39779219A357607EFC /* b3OptimizedBvh.cpp in Sources */,
				6E06728C6F92749A2DF93D6D /* b3QuantizedBvh.cpp in Sources */,
				46F0772B428D56D625BD586D /* b3StridingMeshInterface.cpp in Sources */,
				4F9F7DE5017A1CCD705A2DB7 /* b3TriangleCallback.cpp in Sources */,
				13BB65777747689A6A50317E /* b3TriangleIndexVertexArray.cpp in Sources */,
				7F682356714E4E1E33C37DF1 /* b3VoronoiSimplexSolver.cpp in Sources */,
				1EBF0ED950397A8D400B28BE /* b3BoundSearchCL.cpp in Sources */,
				02FC7BC164B47E7F766640A9 /* b3FillCL.cpp in Sources */,
				09887ED03E74620A7EBD403A /* b3LauncherCL.cpp in Sources */,
				55FA47FA2223390670E8284F /* b3PrefixScanCL.cpp in Sources */,
				71E040E2387073FC54A07A05 /* b3PrefixScanFloat4CL.cpp in Sources */,
				38BF42895A0F2EB0666251D2 /* b3RadixSort32CL.cpp in Sources */,
				6F9B5FC72EF362F350BC7ED1 /* b3GpuRaycast.cpp in Sources */,
				566671B0671D4DFF4B865026 /* b3GpuGenericConstraint.cpp in Sources */,
				4BC65A436C4551E714B23E95 /* b3GpuJacobiContactSolver.cpp in Sources */,
				304512A859591BE979DE667E /* b3GpuNarrowPhase.cpp in Sources */,
				2F29429C3F7075D938C735E3 /* b3GpuPgsConstraintSolver.cpp in Sources */,
				0EB5358A293155E93D2C37E9 /* b3GpuPgsContactSolver.cpp in Sources */,
				6C0D5ACF05BA21165A8A52F0 /* b3GpuRigidBodyPipeline.cpp in Sources */,
				50A3038A04C53A0B5F0E2E6C /* b3Solver.cpp in Sources */,
				47433F5316723EB834E67474 /* clew.c in Sources */,
			);
			runOnlyForDeploymentPostprocessing = 0;
		};
/* End PBXSourcesBuildPhase section */

/* Begin PBXVariantGroup section */
/* End PBXVariantGroup section */

/* Begin XCBuildConfiguration section */
		40C21AA037817F427A435DA0 /* Release */ = {
			isa = XCBuildConfiguration;
			buildSettings = {
				ARCHS = "$(ARCHS_STANDARD_64_BIT)";
				VALID_ARCHS = "x86_64";
				ALWAYS_SEARCH_USER_PATHS = NO;
				DEBUG_INFORMATION_FORMAT = "dwarf-with-dsym";
				CONFIGURATION_BUILD_DIR = "../../bin";
				GCC_DYNAMIC_NO_PIC = NO;
				GCC_MODEL_TUNING = G5;
				INSTALL_PATH = /usr/local/lib;
				PRODUCT_NAME = "Bullet3OpenCL_clew_xcode4_x64_release";
			};
			name = "Release";
		};
		06D608640AF82C3206FE2F88 /* Debug */ = {
			isa = XCBuildConfiguration;
			buildSettings = {
				ARCHS = "$(ARCHS_STANDARD_64_BIT)";
				VALID_ARCHS = "x86_64";
				ALWAYS_SEARCH_USER_PATHS = NO;
				CONFIGURATION_BUILD_DIR = "../../bin";
				GCC_DYNAMIC_NO_PIC = NO;
				GCC_MODEL_TUNING = G5;
				INSTALL_PATH = /usr/local/lib;
				PRODUCT_NAME = "Bullet3OpenCL_clew_xcode4_x64_debug";
			};
			name = "Debug";
		};
		46A379CD266142D95F227051 /* Release */ = {
			isa = XCBuildConfiguration;
			buildSettings = {
				ARCHS = "$(ARCHS_STANDARD_64_BIT)";
				VALID_ARCHS = "x86_64";
				SDKROOT = macosx;
				ARCHS = "x86_64";
				CONFIGURATION_BUILD_DIR = "$(SYMROOT)";
				CONFIGURATION_TEMP_DIR = "$(OBJROOT)";
				GCC_C_LANGUAGE_STANDARD = gnu99;
				GCC_OPTIMIZATION_LEVEL = s;
				GCC_PREPROCESSOR_DEFINITIONS = (
					"B3_USE_CLEW",
				);
				GCC_SYMBOLS_PRIVATE_EXTERN = NO;
				GCC_WARN_ABOUT_RETURN_TYPE = YES;
				GCC_WARN_UNUSED_VARIABLE = YES;
				HEADER_SEARCH_PATHS = (
					"../../src/clew",
					"../../src/Bullet3OpenCL",
					"../../src",
				);
				OBJROOT = "obj/x64/Release/Bullet3OpenCL_clew";
				ONLY_ACTIVE_ARCH = NO;
				OTHER_CFLAGS = (
					"-ffast-math",
				);
				STANDARD_C_PLUS_PLUS_LIBRARY_TYPE = static;
				SYMROOT = "../../bin";
			};
			name = "Release";
		};
		3D8C66636FF54ECE606E5A03 /* Debug */ = {
			isa = XCBuildConfiguration;
			buildSettings = {
				ARCHS = "$(ARCHS_STANDARD_64_BIT)";
				VALID_ARCHS = "x86_64";
				SDKROOT = macosx;
				ARCHS = "x86_64";
				CONFIGURATION_BUILD_DIR = "$(SYMROOT)";
				CONFIGURATION_TEMP_DIR = "$(OBJROOT)";
				COPY_PHASE_STRIP = NO;
				GCC_C_LANGUAGE_STANDARD = gnu99;
				GCC_OPTIMIZATION_LEVEL = 0;
				GCC_PREPROCESSOR_DEFINITIONS = (
					"_DEBUG=1",
					"B3_USE_CLEW",
				);
				GCC_SYMBOLS_PRIVATE_EXTERN = NO;
				GCC_WARN_ABOUT_RETURN_TYPE = YES;
				GCC_WARN_UNUSED_VARIABLE = YES;
				HEADER_SEARCH_PATHS = (
					"../../src/clew",
					"../../src/Bullet3OpenCL",
					"../../src",
				);
				OBJROOT = "obj/x64/Debug/Bullet3OpenCL_clew";
				ONLY_ACTIVE_ARCH = YES;
				OTHER_CFLAGS = (
					"-ffast-math",
				);
				STANDARD_C_PLUS_PLUS_LIBRARY_TYPE = static;
				SYMROOT = "../../bin";
			};
			name = "Debug";
		};
/* End XCBuildConfiguration section */

/* Begin XCConfigurationList section */
		30C03E0D7B58611E1D5804A0 /* Build configuration list for PBXNativeTarget "libBullet3OpenCL_clew_xcode4_x64_release.a" */ = {
			isa = XCConfigurationList;
			buildConfigurations = (
				40C21AA037817F427A435DA0 /* Release */,
				06D608640AF82C3206FE2F88 /* Debug */,
			);
			defaultConfigurationIsVisible = 0;
			defaultConfigurationName = "Release";
		};
		1DEB928908733DD80010E9CD /* Build configuration list for PBXProject "Bullet3OpenCL_clew" */ = {
			isa = XCConfigurationList;
			buildConfigurations = (
				46A379CD266142D95F227051 /* Release */,
				3D8C66636FF54ECE606E5A03 /* Debug */,
			);
			defaultConfigurationIsVisible = 0;
			defaultConfigurationName = "Release";
		};
/* End XCConfigurationList section */

	};
	rootObject = 08FB7793FE84155DC02AAC07 /* Project object */;
}
