// !$*UTF8*$!
{
	archiveVersion = 1;
	classes = {
	};
	objectVersion = 45;
	objects = {

/* Begin PBXBuildFile section */
		384E1CA31A6C30AC0E3B4929 /* obj2sdf.cpp in Sources */ = {isa = PBXBuildFile; fileRef = 5721425B01BB54C700631F8C /* obj2sdf.cpp */; };
		6B1C20C703A41E7862292189 /* tiny_obj_loader.cpp in Sources */ = {isa = PBXBuildFile; fileRef = 4B650EC35569161B5C684E8C /* tiny_obj_loader.cpp */; };
		5BC446A5251275DF0C7763E2 /* b3ResourcePath.cpp in Sources */ = {isa = PBXBuildFile; fileRef = 604F0E58519710A005241176 /* b3ResourcePath.cpp */; };
		3A3F155451371DCD29682BAB /* libBullet3Common.a in Frameworks */ = {isa = PBXBuildFile; fileRef = 6B15624C79CF40417EAB1DB0 /* libBullet3Common.a */; };
/* End PBXBuildFile section */

/* Begin PBXContainerItemProxy section */
		6789045636815A680B4F0626 /* PBXContainerItemProxy */ = {
			isa = PBXContainerItemProxy;
			containerPortal = 147A56287B601C910F3A41C1 /* Bullet3Common.xcodeproj */;
			proxyType = 2;
			remoteGlobalIDString = 27A74D5543490A4B6B5A202F;
			remoteInfo = "libBullet3Common_xcode4_x64_release.a";
		};
		487317A6179159591EA8614F /* PBXContainerItemProxy */ = {
			isa = PBXContainerItemProxy;
			containerPortal = 147A56287B601C910F3A41C1 /* Bullet3Common.xcodeproj */;
			proxyType = 1;
			remoteGlobalIDString = 0D8130AF6C2B0E3013A370F1;
			remoteInfo = "libBullet3Common_xcode4_x64_release.a";
		};
/* End PBXContainerItemProxy section */

/* Begin PBXFileReference section */
		5721425B01BB54C700631F8C /* obj2sdf.cpp */ = {isa = PBXFileReference; lastKnownFileType = sourcecode.cpp.cpp; name = "obj2sdf.cpp"; path = "../../Extras/obj2sdf/obj2sdf.cpp"; sourceTree = "<group>"; };
		4B650EC35569161B5C684E8C /* tiny_obj_loader.cpp */ = {isa = PBXFileReference; lastKnownFileType = sourcecode.cpp.cpp; name = "tiny_obj_loader.cpp"; path = "../../examples/ThirdPartyLibs/Wavefront/tiny_obj_loader.cpp"; sourceTree = "<group>"; };
		604F0E58519710A005241176 /* b3ResourcePath.cpp */ = {isa = PBXFileReference; lastKnownFileType = sourcecode.cpp.cpp; name = "b3ResourcePath.cpp"; path = "../../examples/Utils/b3ResourcePath.cpp"; sourceTree = "<group>"; };
		3F336CA0123C465E4E9458F5 /* b3ResourcePath.h */ = {isa = PBXFileReference; lastKnownFileType = sourcecode.c.h; name = "b3ResourcePath.h"; path = "../../examples/Utils/b3ResourcePath.h"; sourceTree = "<group>"; };
		52C05D84442642DF79ED64FF /* App_obj2sdf_xcode4_x64_release */ = {isa = PBXFileReference; explicitFileType = "compiled.mach-o.executable"; includeInIndex = 0; name = "App_obj2sdf_xcode4_x64_release"; path = "App_obj2sdf_xcode4_x64_release"; sourceTree = BUILT_PRODUCTS_DIR; };
		147A56287B601C910F3A41C1 /* Bullet3Common.xcodeproj */ = {isa = PBXFileReference; lastKnownFileType = "wrapper.pb-project"; name = "Bullet3Common.xcodeproj"; path = "Bullet3Common.xcodeproj"; sourceTree = SOURCE_ROOT; };
/* End PBXFileReference section */

/* Begin PBXFrameworksBuildPhase section */
		77AE530B343671E92A7C55E8 /* Frameworks */ = {
			isa = PBXFrameworksBuildPhase;
			buildActionMask = 2147483647;
			files = (
				3A3F155451371DCD29682BAB /* libBullet3Common.a in Frameworks */,
			);
			runOnlyForDeploymentPostprocessing = 0;
		};
/* End PBXFrameworksBuildPhase section */

/* Begin PBXGroup section */
		4CB447951F943BF23403361B /* App_obj2sdf */ = {
			isa = PBXGroup;
			children = (
				390129B27F716074755C7692 /* Extras */,
				49421E9305E23A8776DE776B /* examples */,
				4917451639E24847654000CE /* Products */,
				0CCB23AA2B7600604B9348F8 /* Projects */,
			);
			name = "App_obj2sdf";
			sourceTree = "<group>";
		};
		390129B27F716074755C7692 /* Extras */ = {
			isa = PBXGroup;
			children = (
				07F517CE0AAA576A7A6E6794 /* obj2sdf */,
			);
			name = "Extras";
			sourceTree = "<group>";
		};
		07F517CE0AAA576A7A6E6794 /* obj2sdf */ = {
			isa = PBXGroup;
			children = (
				5721425B01BB54C700631F8C /* obj2sdf.cpp */,
			);
			name = "obj2sdf";
			sourceTree = "<group>";
		};
		49421E9305E23A8776DE776B /* examples */ = {
			isa = PBXGroup;
			children = (
				46B05C914DEB146D11B24551 /* ThirdPartyLibs */,
				2FF93DA66CD26C894CD630E8 /* Utils */,
			);
			name = "examples";
			sourceTree = "<group>";
		};
		46B05C914DEB146D11B24551 /* ThirdPartyLibs */ = {
			isa = PBXGroup;
			children = (
				72143745434D25C93A263EC4 /* Wavefront */,
			);
			name = "ThirdPartyLibs";
			sourceTree = "<group>";
		};
		72143745434D25C93A263EC4 /* Wavefront */ = {
			isa = PBXGroup;
			children = (
				4B650EC35569161B5C684E8C /* tiny_obj_loader.cpp */,
			);
			name = "Wavefront";
			sourceTree = "<group>";
		};
		2FF93DA66CD26C894CD630E8 /* Utils */ = {
			isa = PBXGroup;
			children = (
				604F0E58519710A005241176 /* b3ResourcePath.cpp */,
				3F336CA0123C465E4E9458F5 /* b3ResourcePath.h */,
			);
			name = "Utils";
			sourceTree = "<group>";
		};
		4917451639E24847654000CE /* Products */ = {
			isa = PBXGroup;
			children = (
				52C05D84442642DF79ED64FF /* App_obj2sdf_xcode4_x64_release */,
			);
			name = "Products";
			sourceTree = "<group>";
		};
		0CCB23AA2B7600604B9348F8 /* Projects */ = {
			isa = PBXGroup;
			children = (
				147A56287B601C910F3A41C1 /* Bullet3Common.xcodeproj */,
			);
			name = "Projects";
			sourceTree = "<group>";
		};
		24EA3F06291E184E3FC92C64 /* Products */ = {
			isa = PBXGroup;
			children = (
				6B15624C79CF40417EAB1DB0 /* libBullet3Common.a */,
			);
			name = Products;
			sourceTree = "<group>";
		};
/* End PBXGroup section */

/* Begin PBXNativeTarget section */
		4C117C94600450012DD72D22 /* App_obj2sdf */ = {
			isa = PBXNativeTarget;
			buildConfigurationList = 08E7155F18C368297B0248A1 /* Build configuration list for PBXNativeTarget "App_obj2sdf" */;
			buildPhases = (
				5B2D03E82FB74C672F0063E4 /* Resources */,
				204F5D1520B75BD93C5C7887 /* Sources */,
				77AE530B343671E92A7C55E8 /* Frameworks */,
			);
			buildRules = (
			);
			dependencies = (
				368B0D4005EC6AD834A74C10 /* PBXTargetDependency */,
			);
			name = "App_obj2sdf";
			productInstallPath = "$(HOME)/bin";
			productName = "App_obj2sdf";
			productReference = 52C05D84442642DF79ED64FF /* App_obj2sdf_xcode4_x64_release */;
			productType = "com.apple.product-type.tool";
		};
/* End PBXNativeTarget section */

/* Begin PBXProject section */
		08FB7793FE84155DC02AAC07 /* Project object */ = {
			isa = PBXProject;
			buildConfigurationList = 1DEB928908733DD80010E9CD /* Build configuration list for PBXProject "App_obj2sdf" */;
			compatibilityVersion = "Xcode 3.2";
			hasScannedForEncodings = 1;
			mainGroup = 4CB447951F943BF23403361B /* App_obj2sdf */;
			projectDirPath = "";
			projectReferences = (
				{
					ProductGroup = 24EA3F06291E184E3FC92C64 /* Products */;
					ProjectRef = 147A56287B601C910F3A41C1 /* Bullet3Common.xcodeproj */;
				},
			);
			projectRoot = "";
			targets = (
				4C117C94600450012DD72D22 /* App_obj2sdf_xcode4_x64_release */,
			);
		};
/* End PBXProject section */

/* Begin PBXReferenceProxy section */
		6B15624C79CF40417EAB1DB0 /* libBullet3Common.a */ = {
			isa = PBXReferenceProxy;
			fileType = archive.ar;
			path = "../../bin/libBullet3Common.a";
			remoteRef = 6789045636815A680B4F0626 /* PBXContainerItemProxy */;
			sourceTree = BUILT_PRODUCTS_DIR;
		};
/* End PBXReferenceProxy section */

/* Begin PBXResourcesBuildPhase section */
		5B2D03E82FB74C672F0063E4 /* Resources */ = {
			isa = PBXResourcesBuildPhase;
			buildActionMask = 2147483647;
			files = (
			);
			runOnlyForDeploymentPostprocessing = 0;
		};
/* End PBXResourcesBuildPhase section */

/* Begin PBXSourcesBuildPhase section */
		204F5D1520B75BD93C5C7887 /* Sources */ = {
			isa = PBXSourcesBuildPhase;
			buildActionMask = 2147483647;
			files = (
				384E1CA31A6C30AC0E3B4929 /* obj2sdf.cpp in Sources */,
				6B1C20C703A41E7862292189 /* tiny_obj_loader.cpp in Sources */,
				5BC446A5251275DF0C7763E2 /* b3ResourcePath.cpp in Sources */,
			);
			runOnlyForDeploymentPostprocessing = 0;
		};
/* End PBXSourcesBuildPhase section */

/* Begin PBXVariantGroup section */
/* End PBXVariantGroup section */

/* Begin PBXTargetDependency section */
		368B0D4005EC6AD834A74C10 /* PBXTargetDependency */ = {
			isa = PBXTargetDependency;
			name = "libBullet3Common.a";
			targetProxy = 487317A6179159591EA8614F /* PBXContainerItemProxy */;
		};
/* End PBXTargetDependency section */

/* Begin XCBuildConfiguration section */
		386D35964B684D891948505D /* Release */ = {
			isa = XCBuildConfiguration;
			buildSettings = {
				ARCHS = "$(ARCHS_STANDARD_64_BIT)";
				VALID_ARCHS = "x86_64";
				ALWAYS_SEARCH_USER_PATHS = NO;
				DEBUG_INFORMATION_FORMAT = "dwarf-with-dsym";
				CONFIGURATION_BUILD_DIR = "../../bin";
				GCC_DYNAMIC_NO_PIC = NO;
				GCC_MODEL_TUNING = G5;
				INSTALL_PATH = /usr/local/bin;
				PRODUCT_NAME = "App_obj2sdf_xcode4_x64_release";
			};
			name = "Release";
		};
		78BB6E8B79BB19614FF36F16 /* Debug */ = {
			isa = XCBuildConfiguration;
			buildSettings = {
				ARCHS = "$(ARCHS_STANDARD_64_BIT)";
				VALID_ARCHS = "x86_64";
				ALWAYS_SEARCH_USER_PATHS = NO;
				CONFIGURATION_BUILD_DIR = "../../bin";
				GCC_DYNAMIC_NO_PIC = NO;
				GCC_MODEL_TUNING = G5;
				INSTALL_PATH = /usr/local/bin;
				PRODUCT_NAME = "App_obj2sdf_xcode4_x64_debug";
			};
			name = "Debug";
		};
		1BF6566F46321F4F27A35D3B /* Release */ = {
			isa = XCBuildConfiguration;
			buildSettings = {
				ARCHS = "$(ARCHS_STANDARD_64_BIT)";
				VALID_ARCHS = "x86_64";
				SDKROOT = macosx;
				ARCHS = "x86_64";
				CONFIGURATION_BUILD_DIR = "$(SYMROOT)";
				CONFIGURATION_TEMP_DIR = "$(OBJROOT)";
				GCC_C_LANGUAGE_STANDARD = gnu99;
				GCC_OPTIMIZATION_LEVEL = s;
				GCC_SYMBOLS_PRIVATE_EXTERN = NO;
				GCC_WARN_ABOUT_RETURN_TYPE = YES;
				GCC_WARN_UNUSED_VARIABLE = YES;
				HEADER_SEARCH_PATHS = (
					"../../src",
					"../../examples/ThirdPartyLibs",
				);
				OBJROOT = "obj/x64/Release/App_obj2sdf";
				ONLY_ACTIVE_ARCH = NO;
				OTHER_CFLAGS = (
					"-ffast-math",
				);
				STANDARD_C_PLUS_PLUS_LIBRARY_TYPE = static;
				SYMROOT = "../../bin";
			};
			name = "Release";
		};
		4B0C316E61D120A167233E94 /* Debug */ = {
			isa = XCBuildConfiguration;
			buildSettings = {
				ARCHS = "$(ARCHS_STANDARD_64_BIT)";
				VALID_ARCHS = "x86_64";
				SDKROOT = macosx;
				ARCHS = "x86_64";
				CONFIGURATION_BUILD_DIR = "$(SYMROOT)";
				CONFIGURATION_TEMP_DIR = "$(OBJROOT)";
				COPY_PHASE_STRIP = NO;
				GCC_C_LANGUAGE_STANDARD = gnu99;
				GCC_OPTIMIZATION_LEVEL = 0;
				GCC_PREPROCESSOR_DEFINITIONS = (
					"_DEBUG=1",
				);
				GCC_SYMBOLS_PRIVATE_EXTERN = NO;
				GCC_WARN_ABOUT_RETURN_TYPE = YES;
				GCC_WARN_UNUSED_VARIABLE = YES;
				HEADER_SEARCH_PATHS = (
					"../../src",
					"../../examples/ThirdPartyLibs",
				);
				OBJROOT = "obj/x64/Debug/App_obj2sdf";
				ONLY_ACTIVE_ARCH = YES;
				OTHER_CFLAGS = (
					"-ffast-math",
				);
				STANDARD_C_PLUS_PLUS_LIBRARY_TYPE = static;
				SYMROOT = "../../bin";
			};
			name = "Debug";
		};
/* End XCBuildConfiguration section */

/* Begin XCConfigurationList section */
		08E7155F18C368297B0248A1 /* Build configuration list for PBXNativeTarget "App_obj2sdf_xcode4_x64_release" */ = {
			isa = XCConfigurationList;
			buildConfigurations = (
				386D35964B684D891948505D /* Release */,
				78BB6E8B79BB19614FF36F16 /* Debug */,
			);
			defaultConfigurationIsVisible = 0;
			defaultConfigurationName = "Release";
		};
		1DEB928908733DD80010E9CD /* Build configuration list for PBXProject "App_obj2sdf" */ = {
			isa = XCConfigurationList;
			buildConfigurations = (
				1BF6566F46321F4F27A35D3B /* Release */,
				4B0C316E61D120A167233E94 /* Debug */,
			);
			defaultConfigurationIsVisible = 0;
			defaultConfigurationName = "Release";
		};
/* End XCConfigurationList section */

	};
	rootObject = 08FB7793FE84155DC02AAC07 /* Project object */;
}
