// !$*UTF8*$!
{
	archiveVersion = 1;
	classes = {
	};
	objectVersion = 45;
	objects = {

/* Begin PBXBuildFile section */
		12202B785EC500347F123166 /* btBulletWorldImporter.cpp in Sources */ = {isa = PBXBuildFile; fileRef = 7FF42A42762C59D809E55267 /* btBulletWorldImporter.cpp */; };
		47A201782B70556165634D0C /* btMultiBodyWorldImporter.cpp in Sources */ = {isa = PBXBuildFile; fileRef = 02547FC36FD44ED4617641F1 /* btMultiBodyWorldImporter.cpp */; };
		41E964192D0B619735EE59D8 /* btWorldImporter.cpp in Sources */ = {isa = PBXBuildFile; fileRef = 33723ABE32EB003E78255878 /* btWorldImporter.cpp */; };
/* End PBXBuildFile section */

/* Begin PBXFileReference section */
		7FF42A42762C59D809E55267 /* btBulletWorldImporter.cpp */ = {isa = PBXFileReference; lastKnownFileType = sourcecode.cpp.cpp; name = "btBulletWorldImporter.cpp"; path = "../../Extras/Serialize/BulletWorldImporter/btBulletWorldImporter.cpp"; sourceTree = "<group>"; };
		5DA46A630C51409849BE1272 /* btBulletWorldImporter.h */ = {isa = PBXFileReference; lastKnownFileType = sourcecode.c.h; name = "btBulletWorldImporter.h"; path = "../../Extras/Serialize/BulletWorldImporter/btBulletWorldImporter.h"; sourceTree = "<group>"; };
		02547FC36FD44ED4617641F1 /* btMultiBodyWorldImporter.cpp */ = {isa = PBXFileReference; lastKnownFileType = sourcecode.cpp.cpp; name = "btMultiBodyWorldImporter.cpp"; path = "../../Extras/Serialize/BulletWorldImporter/btMultiBodyWorldImporter.cpp"; sourceTree = "<group>"; };
		55A4376E4A69708012534466 /* btMultiBodyWorldImporter.h */ = {isa = PBXFileReference; lastKnownFileType = sourcecode.c.h; name = "btMultiBodyWorldImporter.h"; path = "../../Extras/Serialize/BulletWorldImporter/btMultiBodyWorldImporter.h"; sourceTree = "<group>"; };
		33723ABE32EB003E78255878 /* btWorldImporter.cpp */ = {isa = PBXFileReference; lastKnownFileType = sourcecode.cpp.cpp; name = "btWorldImporter.cpp"; path = "../../Extras/Serialize/BulletWorldImporter/btWorldImporter.cpp"; sourceTree = "<group>"; };
		30E1163D0179656627EC2E22 /* btWorldImporter.h */ = {isa = PBXFileReference; lastKnownFileType = sourcecode.c.h; name = "btWorldImporter.h"; path = "../../Extras/Serialize/BulletWorldImporter/btWorldImporter.h"; sourceTree = "<group>"; };
		46BC76CB43C5769F4C184C38 /* libBulletWorldImporter_xcode4_x64_release.a */ = {isa = PBXFileReference; explicitFileType = archive.ar; includeInIndex = 0; name = "libBulletWorldImporter_xcode4_x64_release.a"; path = "libBulletWorldImporter_xcode4_x64_release.a"; sourceTree = BUILT_PRODUCTS_DIR; };
/* End PBXFileReference section */

/* Begin PBXFrameworksBuildPhase section */
		3A94792D1E1D390846AE4A48 /* Frameworks */ = {
			isa = PBXFrameworksBuildPhase;
			buildActionMask = 2147483647;
			files = (
			);
			runOnlyForDeploymentPostprocessing = 0;
		};
/* End PBXFrameworksBuildPhase section */

/* Begin PBXGroup section */
		5D942D5405D6584403176AE7 /* BulletWorldImporter */ = {
			isa = PBXGroup;
			children = (
				707F2FF9356E4A930D9A301F /* Extras */,
				51E8063B18A84495280246E7 /* Products */,
			);
			name = "BulletWorldImporter";
			sourceTree = "<group>";
		};
		707F2FF9356E4A930D9A301F /* Extras */ = {
			isa = PBXGroup;
			children = (
				0371189D0E3546B5405E7146 /* Serialize */,
			);
			name = "Extras";
			sourceTree = "<group>";
		};
		0371189D0E3546B5405E7146 /* Serialize */ = {
			isa = PBXGroup;
			children = (
				403D73EA3D9A500F22527422 /* BulletWorldImporter */,
			);
			name = "Serialize";
			sourceTree = "<group>";
		};
		403D73EA3D9A500F22527422 /* BulletWorldImporter */ = {
			isa = PBXGroup;
			children = (
				7FF42A42762C59D809E55267 /* btBulletWorldImporter.cpp */,
				5DA46A630C51409849BE1272 /* btBulletWorldImporter.h */,
				02547FC36FD44ED4617641F1 /* btMultiBodyWorldImporter.cpp */,
				55A4376E4A69708012534466 /* btMultiBodyWorldImporter.h */,
				33723ABE32EB003E78255878 /* btWorldImporter.cpp */,
				30E1163D0179656627EC2E22 /* btWorldImporter.h */,
			);
			name = "BulletWorldImporter";
			sourceTree = "<group>";
		};
		51E8063B18A84495280246E7 /* Products */ = {
			isa = PBXGroup;
			children = (
				46BC76CB43C5769F4C184C38 /* libBulletWorldImporter_xcode4_x64_release.a */,
			);
			name = "Products";
			sourceTree = "<group>";
		};
/* End PBXGroup section */

/* Begin PBXNativeTarget section */
		2A89321C5D60601F4E2D7ED7 /* BulletWorldImporter */ = {
			isa = PBXNativeTarget;
			buildConfigurationList = 771F396D2F761C6327A21672 /* Build configuration list for PBXNativeTarget "BulletWorldImporter" */;
			buildPhases = (
				4EAD4609187E32F317FE5F05 /* Resources */,
				57977DA0264130D92EA2277D /* Sources */,
				3A94792D1E1D390846AE4A48 /* Frameworks */,
			);
			buildRules = (
			);
			dependencies = (
			);
			name = "BulletWorldImporter";
			productName = "BulletWorldImporter";
			productReference = 46BC76CB43C5769F4C184C38 /* libBulletWorldImporter_xcode4_x64_release.a */;
			productType = "com.apple.product-type.library.static";
		};
/* End PBXNativeTarget section */

/* Begin PBXProject section */
		08FB7793FE84155DC02AAC07 /* Project object */ = {
			isa = PBXProject;
			buildConfigurationList = 1DEB928908733DD80010E9CD /* Build configuration list for PBXProject "BulletWorldImporter" */;
			compatibilityVersion = "Xcode 3.2";
			hasScannedForEncodings = 1;
			mainGroup = 5D942D5405D6584403176AE7 /* BulletWorldImporter */;
			projectDirPath = "";
			projectRoot = "";
			targets = (
				2A89321C5D60601F4E2D7ED7 /* libBulletWorldImporter_xcode4_x64_release.a */,
			);
		};
/* End PBXProject section */

/* Begin PBXResourcesBuildPhase section */
		4EAD4609187E32F317FE5F05 /* Resources */ = {
			isa = PBXResourcesBuildPhase;
			buildActionMask = 2147483647;
			files = (
			);
			runOnlyForDeploymentPostprocessing = 0;
		};
/* End PBXResourcesBuildPhase section */

/* Begin PBXSourcesBuildPhase section */
		57977DA0264130D92EA2277D /* Sources */ = {
			isa = PBXSourcesBuildPhase;
			buildActionMask = 2147483647;
			files = (
				12202B785EC500347F123166 /* btBulletWorldImporter.cpp in Sources */,
				47A201782B70556165634D0C /* btMultiBodyWorldImporter.cpp in Sources */,
				41E964192D0B619735EE59D8 /* btWorldImporter.cpp in Sources */,
			);
			runOnlyForDeploymentPostprocessing = 0;
		};
/* End PBXSourcesBuildPhase section */

/* Begin PBXVariantGroup section */
/* End PBXVariantGroup section */

/* Begin XCBuildConfiguration section */
		0B8236A727E60485503A29DE /* Release */ = {
			isa = XCBuildConfiguration;
			buildSettings = {
				ARCHS = "$(ARCHS_STANDARD_64_BIT)";
				VALID_ARCHS = "x86_64";
				ALWAYS_SEARCH_USER_PATHS = NO;
				DEBUG_INFORMATION_FORMAT = "dwarf-with-dsym";
				CONFIGURATION_BUILD_DIR = "../../bin";
				GCC_DYNAMIC_NO_PIC = NO;
				GCC_MODEL_TUNING = G5;
				INSTALL_PATH = /usr/local/lib;
				PRODUCT_NAME = "BulletWorldImporter_xcode4_x64_release";
			};
			name = "Release";
		};
		574374D14B6B08E12BD271F7 /* Debug */ = {
			isa = XCBuildConfiguration;
			buildSettings = {
				ARCHS = "$(ARCHS_STANDARD_64_BIT)";
				VALID_ARCHS = "x86_64";
				ALWAYS_SEARCH_USER_PATHS = NO;
				CONFIGURATION_BUILD_DIR = "../../bin";
				GCC_DYNAMIC_NO_PIC = NO;
				GCC_MODEL_TUNING = G5;
				INSTALL_PATH = /usr/local/lib;
				PRODUCT_NAME = "BulletWorldImporter_xcode4_x64_debug";
			};
			name = "Debug";
		};
		47324A40440C1CD712AD20E3 /* Release */ = {
			isa = XCBuildConfiguration;
			buildSettings = {
				ARCHS = "$(ARCHS_STANDARD_64_BIT)";
				VALID_ARCHS = "x86_64";
				SDKROOT = macosx;
				ARCHS = "x86_64";
				CONFIGURATION_BUILD_DIR = "$(SYMROOT)";
				CONFIGURATION_TEMP_DIR = "$(OBJROOT)";
				GCC_C_LANGUAGE_STANDARD = gnu99;
				GCC_OPTIMIZATION_LEVEL = s;
				GCC_SYMBOLS_PRIVATE_EXTERN = NO;
				GCC_WARN_ABOUT_RETURN_TYPE = YES;
				GCC_WARN_UNUSED_VARIABLE = YES;
				HEADER_SEARCH_PATHS = (
					"../../Extras/Serialize/BulletFileLoader",
					"../../src",
				);
				OBJROOT = "obj/x64/Release/BulletWorldImporter";
				ONLY_ACTIVE_ARCH = NO;
				OTHER_CFLAGS = (
					"-ffast-math",
				);
				STANDARD_C_PLUS_PLUS_LIBRARY_TYPE = static;
				SYMROOT = "../../bin";
			};
			name = "Release";
		};
		2601455C459A1381143C2767 /* Debug */ = {
			isa = XCBuildConfiguration;
			buildSettings = {
				ARCHS = "$(ARCHS_STANDARD_64_BIT)";
				VALID_ARCHS = "x86_64";
				SDKROOT = macosx;
				ARCHS = "x86_64";
				CONFIGURATION_BUILD_DIR = "$(SYMROOT)";
				CONFIGURATION_TEMP_DIR = "$(OBJROOT)";
				COPY_PHASE_STRIP = NO;
				GCC_C_LANGUAGE_STANDARD = gnu99;
				GCC_OPTIMIZATION_LEVEL = 0;
				GCC_PREPROCESSOR_DEFINITIONS = (
					"_DEBUG=1",
				);
				GCC_SYMBOLS_PRIVATE_EXTERN = NO;
				GCC_WARN_ABOUT_RETURN_TYPE = YES;
				GCC_WARN_UNUSED_VARIABLE = YES;
				HEADER_SEARCH_PATHS = (
					"../../Extras/Serialize/BulletFileLoader",
					"../../src",
				);
				OBJROOT = "obj/x64/Debug/BulletWorldImporter";
				ONLY_ACTIVE_ARCH = YES;
				OTHER_CFLAGS = (
					"-ffast-math",
				);
				STANDARD_C_PLUS_PLUS_LIBRARY_TYPE = static;
				SYMROOT = "../../bin";
			};
			name = "Debug";
		};
/* End XCBuildConfiguration section */

/* Begin XCConfigurationList section */
		771F396D2F761C6327A21672 /* Build configuration list for PBXNativeTarget "libBulletWorldImporter_xcode4_x64_release.a" */ = {
			isa = XCConfigurationList;
			buildConfigurations = (
				0B8236A727E60485503A29DE /* Release */,
				574374D14B6B08E12BD271F7 /* Debug */,
			);
			defaultConfigurationIsVisible = 0;
			defaultConfigurationName = "Release";
		};
		1DEB928908733DD80010E9CD /* Build configuration list for PBXProject "BulletWorldImporter" */ = {
			isa = XCConfigurationList;
			buildConfigurations = (
				47324A40440C1CD712AD20E3 /* Release */,
				2601455C459A1381143C2767 /* Debug */,
			);
			defaultConfigurationIsVisible = 0;
			defaultConfigurationName = "Release";
		};
/* End XCConfigurationList section */

	};
	rootObject = 08FB7793FE84155DC02AAC07 /* Project object */;
}
